
Microsoft Visual Studio Solution File, Format Version 12.00
# Visual Studio 14
VisualStudioVersion = 14.0.24720.0
MinimumVisualStudioVersion = 10.0.40219.1
Project("{8BC9CEB8-8B4A-11D0-8D11-00A0C91BC942}") = "LSSpriteEditor", "LSSpriteEditor.vcxproj", "{B12702AD-ABFB-343A-A199-8E24837244A3}"
	ProjectSection(ProjectDependencies) = postProject
		{18AB3002-5FB3-48A3-8EDE-7FE071B0AF0F} = {18AB3002-5FB3-48A3-8EDE-7FE071B0AF0F}
		{644B6920-3C18-41EF-AD73-7FC42FAE4147} = {644B6920-3C18-41EF-AD73-7FC42FAE4147}
		{E3536C28-A7F1-4B53-8E52-7D2232F9E098} = {E3536C28-A7F1-4B53-8E52-7D2232F9E098}
		{E98F2547-10C7-4952-AA71-F72A4369A7A5} = {E98F2547-10C7-4952-AA71-F72A4369A7A5}
		{17A4874B-0606-4687-90B6-F91F8CB3B8AF} = {17A4874B-0606-4687-90B6-F91F8CB3B8AF}
		{7DB10B50-CE00-4D7A-B322-6824F05D2FCB} = {7DB10B50-CE00-4D7A-B322-6824F05D2FCB}
		{5E1D4E5F-E10C-4BA3-B663-F33014FD21D9} = {5E1D4E5F-E10C-4BA3-B663-F33014FD21D9}
		{33134F61-C1AD-4B6F-9CEA-503A9F140C52} = {33134F61-C1AD-4B6F-9CEA-503A9F140C52}
		{A4882463-794C-4E75-B57A-32CC28824B19} = {A4882463-794C-4E75-B57A-32CC28824B19}
		{097D9F6C-FD0E-4CBC-9676-009012AAECA8} = {097D9F6C-FD0E-4CBC-9676-009012AAECA8}
		{AC490B7A-804A-43E5-BD36-1A36E5F99535} = {AC490B7A-804A-43E5-BD36-1A36E5F99535}
		{A8427B7A-989F-407E-BA37-EF709DB6327C} = {A8427B7A-989F-407E-BA37-EF709DB6327C}
		{2B9FCF88-EFDF-4F8A-BB80-C20C674FBABC} = {2B9FCF88-EFDF-4F8A-BB80-C20C674FBABC}
		{03AB108B-6F06-46D4-B8F8-D94A1AE13A07} = {03AB108B-6F06-46D4-B8F8-D94A1AE13A07}
		{6307F094-4285-4523-982A-2DF4A2A7B0AA} = {6307F094-4285-4523-982A-2DF4A2A7B0AA}
		{AAA6A29A-531B-4201-859C-486B081D6617} = {AAA6A29A-531B-4201-859C-486B081D6617}
		{EC085CBD-E9C3-477F-9A97-CB9D5DA30E27} = {EC085CBD-E9C3-477F-9A97-CB9D5DA30E27}
		{B9558FBD-F6DD-49D7-8E3B-5E32A1F6B62F} = {B9558FBD-F6DD-49D7-8E3B-5E32A1F6B62F}
		{6347EBBE-CA87-4B39-ACC6-63DA3D882597} = {6347EBBE-CA87-4B39-ACC6-63DA3D882597}
		{07F662C1-1323-42AB-B6AF-FBFD34A7437A} = {07F662C1-1323-42AB-B6AF-FBFD34A7437A}
		{794565D2-DE07-40C1-84A4-72B7E93B71E8} = {794565D2-DE07-40C1-84A4-72B7E93B71E8}
		{362A21D9-58DD-405E-A50D-A4C92076D899} = {362A21D9-58DD-405E-A50D-A4C92076D899}
		{244455E0-5F25-4451-9540-F317883E52A8} = {244455E0-5F25-4451-9540-F317883E52A8}
		{9E219DF2-315D-478E-8A07-8960C377CE1E} = {9E219DF2-315D-478E-8A07-8960C377CE1E}
		{7A751BF4-D6CE-41D0-BD13-637F5020B1FA} = {7A751BF4-D6CE-41D0-BD13-637F5020B1FA}
	EndProjectSection
EndProject
Project("{2150E333-8FDC-42A3-9474-1A3956D46DE8}") = "LSEngineLib", "LSEngineLib", "{002FFA76-BCD4-4C71-87C4-C3C8BE605F72}"
EndProject
Project("{2150E333-8FDC-42A3-9474-1A3956D46DE8}") = "FreeImage", "FreeImage", "{3A001728-0388-477D-B73C-CF943783ECD1}"
EndProject
Project("{8BC9CEB8-8B4A-11D0-8D11-00A0C91BC942}") = "ZLib", "..\Modules\LSImageLib\Src\FreeImage\Source\ZLib\ZLib.2008.vcxproj", "{33134F61-C1AD-4B6F-9CEA-503A9F140C52}"
EndProject
Project("{8BC9CEB8-8B4A-11D0-8D11-00A0C91BC942}") = "OpenEXR", "..\Modules\LSImageLib\Src\FreeImage\Source\OpenEXR\OpenEXR.2008.vcxproj", "{17A4874B-0606-4687-90B6-F91F8CB3B8AF}"
EndProject
Project("{8BC9CEB8-8B4A-11D0-8D11-00A0C91BC942}") = "LibWebP", "..\Modules\LSImageLib\Src\FreeImage\Source\LibWebP\LibWebP.2008.vcxproj", "{097D9F6C-FD0E-4CBC-9676-009012AAECA8}"
EndProject
Project("{8BC9CEB8-8B4A-11D0-8D11-00A0C91BC942}") = "LibTIFF4", "..\Modules\LSImageLib\Src\FreeImage\Source\LibTIFF4\LibTIFF4.2008.vcxproj", "{EC085CBD-E9C3-477F-9A97-CB9D5DA30E27}"
EndProject
Project("{8BC9CEB8-8B4A-11D0-8D11-00A0C91BC942}") = "LibRaw", "..\Modules\LSImageLib\Src\FreeImage\Source\LibRawLite\LibRawLite.2008.vcxproj", "{07F662C1-1323-42AB-B6AF-FBFD34A7437A}"
EndProject
Project("{8BC9CEB8-8B4A-11D0-8D11-00A0C91BC942}") = "LibPNG", "..\Modules\LSImageLib\Src\FreeImage\Source\LibPNG\LibPNG.2008.vcxproj", "{7DB10B50-CE00-4D7A-B322-6824F05D2FCB}"
EndProject
Project("{8BC9CEB8-8B4A-11D0-8D11-00A0C91BC942}") = "LibOpenJPEG", "..\Modules\LSImageLib\Src\FreeImage\Source\LibOpenJPEG\LibOpenJPEG.2008.vcxproj", "{E3536C28-A7F1-4B53-8E52-7D2232F9E098}"
EndProject
Project("{8BC9CEB8-8B4A-11D0-8D11-00A0C91BC942}") = "LibJXR", "..\Modules\LSImageLib\Src\FreeImage\Source\LibJXR\LibJXR.2008.vcxproj", "{244455E0-5F25-4451-9540-F317883E52A8}"
EndProject
Project("{8BC9CEB8-8B4A-11D0-8D11-00A0C91BC942}") = "LibJPEG", "..\Modules\LSImageLib\Src\FreeImage\Source\LibJPEG\LibJPEG.2008.vcxproj", "{5E1D4E5F-E10C-4BA3-B663-F33014FD21D9}"
EndProject
Project("{8BC9CEB8-8B4A-11D0-8D11-00A0C91BC942}") = "FreeImageLib", "..\Modules\LSImageLib\Src\FreeImage\Source\FreeImageLib\FreeImageLib.2008.vcxproj", "{9E219DF2-315D-478E-8A07-8960C377CE1E}"
EndProject
Project("{8BC9CEB8-8B4A-11D0-8D11-00A0C91BC942}") = "LSTL", "..\Modules\LSTL\LSTL.vcxproj", "{A4882463-794C-4E75-B57A-32CC28824B19}"
EndProject
Project("{8BC9CEB8-8B4A-11D0-8D11-00A0C91BC942}") = "LSThreadLib", "..\Modules\LSThreadLib\LSThreadLib.vcxproj", "{E98F2547-10C7-4952-AA71-F72A4369A7A5}"
EndProject
Project("{8BC9CEB8-8B4A-11D0-8D11-00A0C91BC942}") = "LSStandardLib", "..\Modules\LSStandardLib\LSStandardLib.vcxproj", "{6307F094-4285-4523-982A-2DF4A2A7B0AA}"
EndProject
Project("{8BC9CEB8-8B4A-11D0-8D11-00A0C91BC942}") = "LSSpriteLib", "..\Modules\LSSpriteLib\LSSpriteLib.vcxproj", "{7A751BF4-D6CE-41D0-BD13-637F5020B1FA}"
EndProject
Project("{8BC9CEB8-8B4A-11D0-8D11-00A0C91BC942}") = "LSSoundLib", "..\Modules\LSSoundLib\LSSoundLib.vcxproj", "{794565D2-DE07-40C1-84A4-72B7E93B71E8}"
EndProject
Project("{8BC9CEB8-8B4A-11D0-8D11-00A0C91BC942}") = "LSPhysicsLib", "..\Modules\LSPhysicsLib\LSPhysicsLib.vcxproj", "{AAA6A29A-531B-4201-859C-486B081D6617}"
EndProject
Project("{8BC9CEB8-8B4A-11D0-8D11-00A0C91BC942}") = "LSNetLib", "..\Modules\LSNetLib\LSNetLib.vcxproj", "{03AB108B-6F06-46D4-B8F8-D94A1AE13A07}"
EndProject
Project("{8BC9CEB8-8B4A-11D0-8D11-00A0C91BC942}") = "LSModelLib", "..\Modules\LSModelLib\LSModelLib.vcxproj", "{18AB3002-5FB3-48A3-8EDE-7FE071B0AF0F}"
EndProject
Project("{8BC9CEB8-8B4A-11D0-8D11-00A0C91BC942}") = "LSMemLib", "..\Modules\LSMemLib\LSMemLib.vcxproj", "{AC490B7A-804A-43E5-BD36-1A36E5F99535}"
EndProject
Project("{8BC9CEB8-8B4A-11D0-8D11-00A0C91BC942}") = "LSMathLib", "..\Modules\LSMathLib\LSMathLib.vcxproj", "{B9558FBD-F6DD-49D7-8E3B-5E32A1F6B62F}"
EndProject
Project("{8BC9CEB8-8B4A-11D0-8D11-00A0C91BC942}") = "LSImageLib", "..\Modules\LSImageLib\LSImageLib.vcxproj", "{644B6920-3C18-41EF-AD73-7FC42FAE4147}"
EndProject
Project("{8BC9CEB8-8B4A-11D0-8D11-00A0C91BC942}") = "LSGraphicsLib", "..\Modules\LSGraphicsLib\LSGraphicsLib.vcxproj", "{6347EBBE-CA87-4B39-ACC6-63DA3D882597}"
EndProject
Project("{8BC9CEB8-8B4A-11D0-8D11-00A0C91BC942}") = "LSFileLib", "..\Modules\LSFileLib\LSFileLib.vcxproj", "{2B9FCF88-EFDF-4F8A-BB80-C20C674FBABC}"
EndProject
Project("{8BC9CEB8-8B4A-11D0-8D11-00A0C91BC942}") = "LSEngine", "..\LSEngine.vcxproj", "{362A21D9-58DD-405E-A50D-A4C92076D899}"
EndProject
Project("{8BC9CEB8-8B4A-11D0-8D11-00A0C91BC942}") = "LSCompressionLib", "..\Modules\LSCompressionLib\LSCompressionLib.vcxproj", "{A8427B7A-989F-407E-BA37-EF709DB6327C}"
EndProject
Global
	GlobalSection(SolutionConfigurationPlatforms) = preSolution
		DX11 Debug|x64 = DX11 Debug|x64
		DX11 Debug|x86 = DX11 Debug|x86
		DX11 Release|x64 = DX11 Release|x64
		DX11 Release|x86 = DX11 Release|x86
		DX9 Debug|x64 = DX9 Debug|x64
		DX9 Debug|x86 = DX9 Debug|x86
		DX9 Release|x64 = DX9 Release|x64
		DX9 Release|x86 = DX9 Release|x86
		OGL Debug|x64 = OGL Debug|x64
		OGL Debug|x86 = OGL Debug|x86
		OGL Release|x64 = OGL Release|x64
		OGL Release|x86 = OGL Release|x86
		Tools Debug|x64 = Tools Debug|x64
		Tools Debug|x86 = Tools Debug|x86
		Tools Release|x64 = Tools Release|x64
		Tools Release|x86 = Tools Release|x86
		Vulkan Debug|x64 = Vulkan Debug|x64
		Vulkan Debug|x86 = Vulkan Debug|x86
		Vulkan Release|x64 = Vulkan Release|x64
		Vulkan Release|x86 = Vulkan Release|x86
	EndGlobalSection
	GlobalSection(ProjectConfigurationPlatforms) = postSolution
		{B12702AD-ABFB-343A-A199-8E24837244A3}.DX11 Debug|x64.ActiveCfg = OGL Debug|x64
		{B12702AD-ABFB-343A-A199-8E24837244A3}.DX11 Debug|x64.Build.0 = OGL Debug|x64
		{B12702AD-ABFB-343A-A199-8E24837244A3}.DX11 Debug|x86.ActiveCfg = OGL Debug|Win32
		{B12702AD-ABFB-343A-A199-8E24837244A3}.DX11 Debug|x86.Build.0 = OGL Debug|Win32
		{B12702AD-ABFB-343A-A199-8E24837244A3}.DX11 Release|x64.ActiveCfg = OGL Debug|x64
		{B12702AD-ABFB-343A-A199-8E24837244A3}.DX11 Release|x64.Build.0 = OGL Debug|x64
		{B12702AD-ABFB-343A-A199-8E24837244A3}.DX11 Release|x86.ActiveCfg = OGL Debug|Win32
		{B12702AD-ABFB-343A-A199-8E24837244A3}.DX11 Release|x86.Build.0 = OGL Debug|Win32
		{B12702AD-ABFB-343A-A199-8E24837244A3}.DX9 Debug|x64.ActiveCfg = OGL Debug|x64
		{B12702AD-ABFB-343A-A199-8E24837244A3}.DX9 Debug|x64.Build.0 = OGL Debug|x64
		{B12702AD-ABFB-343A-A199-8E24837244A3}.DX9 Debug|x86.ActiveCfg = OGL Debug|Win32
		{B12702AD-ABFB-343A-A199-8E24837244A3}.DX9 Debug|x86.Build.0 = OGL Debug|Win32
		{B12702AD-ABFB-343A-A199-8E24837244A3}.DX9 Release|x64.ActiveCfg = OGL Debug|x64
		{B12702AD-ABFB-343A-A199-8E24837244A3}.DX9 Release|x64.Build.0 = OGL Debug|x64
		{B12702AD-ABFB-343A-A199-8E24837244A3}.DX9 Release|x86.ActiveCfg = OGL Debug|Win32
		{B12702AD-ABFB-343A-A199-8E24837244A3}.DX9 Release|x86.Build.0 = OGL Debug|Win32
		{B12702AD-ABFB-343A-A199-8E24837244A3}.OGL Debug|x64.ActiveCfg = OGL Debug|x64
		{B12702AD-ABFB-343A-A199-8E24837244A3}.OGL Debug|x64.Build.0 = OGL Debug|x64
		{B12702AD-ABFB-343A-A199-8E24837244A3}.OGL Debug|x86.ActiveCfg = OGL Debug|Win32
		{B12702AD-ABFB-343A-A199-8E24837244A3}.OGL Debug|x86.Build.0 = OGL Debug|Win32
		{B12702AD-ABFB-343A-A199-8E24837244A3}.OGL Release|x64.ActiveCfg = OGL Release|x64
		{B12702AD-ABFB-343A-A199-8E24837244A3}.OGL Release|x64.Build.0 = OGL Release|x64
		{B12702AD-ABFB-343A-A199-8E24837244A3}.OGL Release|x86.ActiveCfg = OGL Release|Win32
		{B12702AD-ABFB-343A-A199-8E24837244A3}.OGL Release|x86.Build.0 = OGL Release|Win32
		{B12702AD-ABFB-343A-A199-8E24837244A3}.Tools Debug|x64.ActiveCfg = Tools Debug|x64
		{B12702AD-ABFB-343A-A199-8E24837244A3}.Tools Debug|x64.Build.0 = Tools Debug|x64
		{B12702AD-ABFB-343A-A199-8E24837244A3}.Tools Debug|x86.ActiveCfg = Tools Debug|Win32
		{B12702AD-ABFB-343A-A199-8E24837244A3}.Tools Debug|x86.Build.0 = Tools Debug|Win32
		{B12702AD-ABFB-343A-A199-8E24837244A3}.Tools Release|x64.ActiveCfg = Tools Release|x64
		{B12702AD-ABFB-343A-A199-8E24837244A3}.Tools Release|x64.Build.0 = Tools Release|x64
		{B12702AD-ABFB-343A-A199-8E24837244A3}.Tools Release|x86.ActiveCfg = Tools Release|Win32
		{B12702AD-ABFB-343A-A199-8E24837244A3}.Tools Release|x86.Build.0 = Tools Release|Win32
		{B12702AD-ABFB-343A-A199-8E24837244A3}.Vulkan Debug|x64.ActiveCfg = OGL Debug|x64
		{B12702AD-ABFB-343A-A199-8E24837244A3}.Vulkan Debug|x64.Build.0 = OGL Debug|x64
		{B12702AD-ABFB-343A-A199-8E24837244A3}.Vulkan Debug|x86.ActiveCfg = OGL Debug|Win32
		{B12702AD-ABFB-343A-A199-8E24837244A3}.Vulkan Debug|x86.Build.0 = OGL Debug|Win32
		{B12702AD-ABFB-343A-A199-8E24837244A3}.Vulkan Release|x64.ActiveCfg = OGL Debug|x64
		{B12702AD-ABFB-343A-A199-8E24837244A3}.Vulkan Release|x64.Build.0 = OGL Debug|x64
		{B12702AD-ABFB-343A-A199-8E24837244A3}.Vulkan Release|x86.ActiveCfg = OGL Debug|Win32
		{B12702AD-ABFB-343A-A199-8E24837244A3}.Vulkan Release|x86.Build.0 = OGL Debug|Win32
		{33134F61-C1AD-4B6F-9CEA-503A9F140C52}.DX11 Debug|x64.ActiveCfg = DX11 Debug|x64
		{33134F61-C1AD-4B6F-9CEA-503A9F140C52}.DX11 Debug|x64.Build.0 = DX11 Debug|x64
		{33134F61-C1AD-4B6F-9CEA-503A9F140C52}.DX11 Debug|x86.ActiveCfg = DX11 Debug|Win32
		{33134F61-C1AD-4B6F-9CEA-503A9F140C52}.DX11 Debug|x86.Build.0 = DX11 Debug|Win32
		{33134F61-C1AD-4B6F-9CEA-503A9F140C52}.DX11 Release|x64.ActiveCfg = DX11 Release|x64
		{33134F61-C1AD-4B6F-9CEA-503A9F140C52}.DX11 Release|x64.Build.0 = DX11 Release|x64
		{33134F61-C1AD-4B6F-9CEA-503A9F140C52}.DX11 Release|x86.ActiveCfg = DX11 Release|Win32
		{33134F61-C1AD-4B6F-9CEA-503A9F140C52}.DX11 Release|x86.Build.0 = DX11 Release|Win32
		{33134F61-C1AD-4B6F-9CEA-503A9F140C52}.DX9 Debug|x64.ActiveCfg = DX9 Debug|x64
		{33134F61-C1AD-4B6F-9CEA-503A9F140C52}.DX9 Debug|x64.Build.0 = DX9 Debug|x64
		{33134F61-C1AD-4B6F-9CEA-503A9F140C52}.DX9 Debug|x86.ActiveCfg = DX9 Debug|Win32
		{33134F61-C1AD-4B6F-9CEA-503A9F140C52}.DX9 Debug|x86.Build.0 = DX9 Debug|Win32
		{33134F61-C1AD-4B6F-9CEA-503A9F140C52}.DX9 Release|x64.ActiveCfg = DX9 Release|x64
		{33134F61-C1AD-4B6F-9CEA-503A9F140C52}.DX9 Release|x64.Build.0 = DX9 Release|x64
		{33134F61-C1AD-4B6F-9CEA-503A9F140C52}.DX9 Release|x86.ActiveCfg = DX9 Release|Win32
		{33134F61-C1AD-4B6F-9CEA-503A9F140C52}.DX9 Release|x86.Build.0 = DX9 Release|Win32
		{33134F61-C1AD-4B6F-9CEA-503A9F140C52}.OGL Debug|x64.ActiveCfg = OGL Debug|x64
		{33134F61-C1AD-4B6F-9CEA-503A9F140C52}.OGL Debug|x64.Build.0 = OGL Debug|x64
		{33134F61-C1AD-4B6F-9CEA-503A9F140C52}.OGL Debug|x86.ActiveCfg = OGL Debug|Win32
		{33134F61-C1AD-4B6F-9CEA-503A9F140C52}.OGL Debug|x86.Build.0 = OGL Debug|Win32
		{33134F61-C1AD-4B6F-9CEA-503A9F140C52}.OGL Release|x64.ActiveCfg = OGL Release|x64
		{33134F61-C1AD-4B6F-9CEA-503A9F140C52}.OGL Release|x64.Build.0 = OGL Release|x64
		{33134F61-C1AD-4B6F-9CEA-503A9F140C52}.OGL Release|x86.ActiveCfg = OGL Release|Win32
		{33134F61-C1AD-4B6F-9CEA-503A9F140C52}.OGL Release|x86.Build.0 = OGL Release|Win32
		{33134F61-C1AD-4B6F-9CEA-503A9F140C52}.Tools Debug|x64.ActiveCfg = Tools Debug|x64
		{33134F61-C1AD-4B6F-9CEA-503A9F140C52}.Tools Debug|x64.Build.0 = Tools Debug|x64
		{33134F61-C1AD-4B6F-9CEA-503A9F140C52}.Tools Debug|x86.ActiveCfg = Tools Debug|Win32
		{33134F61-C1AD-4B6F-9CEA-503A9F140C52}.Tools Debug|x86.Build.0 = Tools Debug|Win32
		{33134F61-C1AD-4B6F-9CEA-503A9F140C52}.Tools Release|x64.ActiveCfg = Tools Release|x64
		{33134F61-C1AD-4B6F-9CEA-503A9F140C52}.Tools Release|x64.Build.0 = Tools Release|x64
		{33134F61-C1AD-4B6F-9CEA-503A9F140C52}.Tools Release|x86.ActiveCfg = Tools Release|Win32
		{33134F61-C1AD-4B6F-9CEA-503A9F140C52}.Tools Release|x86.Build.0 = Tools Release|Win32
		{33134F61-C1AD-4B6F-9CEA-503A9F140C52}.Vulkan Debug|x64.ActiveCfg = Vulkan Debug|x64
		{33134F61-C1AD-4B6F-9CEA-503A9F140C52}.Vulkan Debug|x64.Build.0 = Vulkan Debug|x64
		{33134F61-C1AD-4B6F-9CEA-503A9F140C52}.Vulkan Debug|x86.ActiveCfg = Vulkan Debug|Win32
		{33134F61-C1AD-4B6F-9CEA-503A9F140C52}.Vulkan Debug|x86.Build.0 = Vulkan Debug|Win32
		{33134F61-C1AD-4B6F-9CEA-503A9F140C52}.Vulkan Release|x64.ActiveCfg = Vulkan Release|x64
		{33134F61-C1AD-4B6F-9CEA-503A9F140C52}.Vulkan Release|x64.Build.0 = Vulkan Release|x64
		{33134F61-C1AD-4B6F-9CEA-503A9F140C52}.Vulkan Release|x86.ActiveCfg = Vulkan Release|Win32
		{33134F61-C1AD-4B6F-9CEA-503A9F140C52}.Vulkan Release|x86.Build.0 = Vulkan Release|Win32
		{17A4874B-0606-4687-90B6-F91F8CB3B8AF}.DX11 Debug|x64.ActiveCfg = DX11 Debug|x64
		{17A4874B-0606-4687-90B6-F91F8CB3B8AF}.DX11 Debug|x64.Build.0 = DX11 Debug|x64
		{17A4874B-0606-4687-90B6-F91F8CB3B8AF}.DX11 Debug|x86.ActiveCfg = DX11 Debug|Win32
		{17A4874B-0606-4687-90B6-F91F8CB3B8AF}.DX11 Debug|x86.Build.0 = DX11 Debug|Win32
		{17A4874B-0606-4687-90B6-F91F8CB3B8AF}.DX11 Release|x64.ActiveCfg = DX11 Release|x64
		{17A4874B-0606-4687-90B6-F91F8CB3B8AF}.DX11 Release|x64.Build.0 = DX11 Release|x64
		{17A4874B-0606-4687-90B6-F91F8CB3B8AF}.DX11 Release|x86.ActiveCfg = DX11 Release|Win32
		{17A4874B-0606-4687-90B6-F91F8CB3B8AF}.DX11 Release|x86.Build.0 = DX11 Release|Win32
		{17A4874B-0606-4687-90B6-F91F8CB3B8AF}.DX9 Debug|x64.ActiveCfg = DX9 Debug|x64
		{17A4874B-0606-4687-90B6-F91F8CB3B8AF}.DX9 Debug|x64.Build.0 = DX9 Debug|x64
		{17A4874B-0606-4687-90B6-F91F8CB3B8AF}.DX9 Debug|x86.ActiveCfg = DX9 Debug|Win32
		{17A4874B-0606-4687-90B6-F91F8CB3B8AF}.DX9 Debug|x86.Build.0 = DX9 Debug|Win32
		{17A4874B-0606-4687-90B6-F91F8CB3B8AF}.DX9 Release|x64.ActiveCfg = DX9 Release|x64
		{17A4874B-0606-4687-90B6-F91F8CB3B8AF}.DX9 Release|x64.Build.0 = DX9 Release|x64
		{17A4874B-0606-4687-90B6-F91F8CB3B8AF}.DX9 Release|x86.ActiveCfg = DX9 Release|Win32
		{17A4874B-0606-4687-90B6-F91F8CB3B8AF}.DX9 Release|x86.Build.0 = DX9 Release|Win32
		{17A4874B-0606-4687-90B6-F91F8CB3B8AF}.OGL Debug|x64.ActiveCfg = OGL Debug|x64
		{17A4874B-0606-4687-90B6-F91F8CB3B8AF}.OGL Debug|x64.Build.0 = OGL Debug|x64
		{17A4874B-0606-4687-90B6-F91F8CB3B8AF}.OGL Debug|x86.ActiveCfg = OGL Debug|Win32
		{17A4874B-0606-4687-90B6-F91F8CB3B8AF}.OGL Debug|x86.Build.0 = OGL Debug|Win32
		{17A4874B-0606-4687-90B6-F91F8CB3B8AF}.OGL Release|x64.ActiveCfg = OGL Release|x64
		{17A4874B-0606-4687-90B6-F91F8CB3B8AF}.OGL Release|x64.Build.0 = OGL Release|x64
		{17A4874B-0606-4687-90B6-F91F8CB3B8AF}.OGL Release|x86.ActiveCfg = OGL Release|Win32
		{17A4874B-0606-4687-90B6-F91F8CB3B8AF}.OGL Release|x86.Build.0 = OGL Release|Win32
		{17A4874B-0606-4687-90B6-F91F8CB3B8AF}.Tools Debug|x64.ActiveCfg = Tools Debug|x64
		{17A4874B-0606-4687-90B6-F91F8CB3B8AF}.Tools Debug|x64.Build.0 = Tools Debug|x64
		{17A4874B-0606-4687-90B6-F91F8CB3B8AF}.Tools Debug|x86.ActiveCfg = Tools Debug|Win32
		{17A4874B-0606-4687-90B6-F91F8CB3B8AF}.Tools Debug|x86.Build.0 = Tools Debug|Win32
		{17A4874B-0606-4687-90B6-F91F8CB3B8AF}.Tools Release|x64.ActiveCfg = Tools Release|x64
		{17A4874B-0606-4687-90B6-F91F8CB3B8AF}.Tools Release|x64.Build.0 = Tools Release|x64
		{17A4874B-0606-4687-90B6-F91F8CB3B8AF}.Tools Release|x86.ActiveCfg = Tools Release|Win32
		{17A4874B-0606-4687-90B6-F91F8CB3B8AF}.Tools Release|x86.Build.0 = Tools Release|Win32
		{17A4874B-0606-4687-90B6-F91F8CB3B8AF}.Vulkan Debug|x64.ActiveCfg = Vulkan Debug|x64
		{17A4874B-0606-4687-90B6-F91F8CB3B8AF}.Vulkan Debug|x64.Build.0 = Vulkan Debug|x64
		{17A4874B-0606-4687-90B6-F91F8CB3B8AF}.Vulkan Debug|x86.ActiveCfg = Vulkan Debug|Win32
		{17A4874B-0606-4687-90B6-F91F8CB3B8AF}.Vulkan Debug|x86.Build.0 = Vulkan Debug|Win32
		{17A4874B-0606-4687-90B6-F91F8CB3B8AF}.Vulkan Release|x64.ActiveCfg = Vulkan Release|x64
		{17A4874B-0606-4687-90B6-F91F8CB3B8AF}.Vulkan Release|x64.Build.0 = Vulkan Release|x64
		{17A4874B-0606-4687-90B6-F91F8CB3B8AF}.Vulkan Release|x86.ActiveCfg = Vulkan Release|Win32
		{17A4874B-0606-4687-90B6-F91F8CB3B8AF}.Vulkan Release|x86.Build.0 = Vulkan Release|Win32
		{097D9F6C-FD0E-4CBC-9676-009012AAECA8}.DX11 Debug|x64.ActiveCfg = DX11 Debug|x64
		{097D9F6C-FD0E-4CBC-9676-009012AAECA8}.DX11 Debug|x64.Build.0 = DX11 Debug|x64
		{097D9F6C-FD0E-4CBC-9676-009012AAECA8}.DX11 Debug|x86.ActiveCfg = DX11 Debug|Win32
		{097D9F6C-FD0E-4CBC-9676-009012AAECA8}.DX11 Debug|x86.Build.0 = DX11 Debug|Win32
		{097D9F6C-FD0E-4CBC-9676-009012AAECA8}.DX11 Release|x64.ActiveCfg = DX11 Release|x64
		{097D9F6C-FD0E-4CBC-9676-009012AAECA8}.DX11 Release|x64.Build.0 = DX11 Release|x64
		{097D9F6C-FD0E-4CBC-9676-009012AAECA8}.DX11 Release|x86.ActiveCfg = DX11 Release|Win32
		{097D9F6C-FD0E-4CBC-9676-009012AAECA8}.DX11 Release|x86.Build.0 = DX11 Release|Win32
		{097D9F6C-FD0E-4CBC-9676-009012AAECA8}.DX9 Debug|x64.ActiveCfg = DX9 Debug|x64
		{097D9F6C-FD0E-4CBC-9676-009012AAECA8}.DX9 Debug|x64.Build.0 = DX9 Debug|x64
		{097D9F6C-FD0E-4CBC-9676-009012AAECA8}.DX9 Debug|x86.ActiveCfg = DX9 Debug|Win32
		{097D9F6C-FD0E-4CBC-9676-009012AAECA8}.DX9 Debug|x86.Build.0 = DX9 Debug|Win32
		{097D9F6C-FD0E-4CBC-9676-009012AAECA8}.DX9 Release|x64.ActiveCfg = DX9 Release|x64
		{097D9F6C-FD0E-4CBC-9676-009012AAECA8}.DX9 Release|x64.Build.0 = DX9 Release|x64
		{097D9F6C-FD0E-4CBC-9676-009012AAECA8}.DX9 Release|x86.ActiveCfg = DX9 Release|Win32
		{097D9F6C-FD0E-4CBC-9676-009012AAECA8}.DX9 Release|x86.Build.0 = DX9 Release|Win32
		{097D9F6C-FD0E-4CBC-9676-009012AAECA8}.OGL Debug|x64.ActiveCfg = OGL Debug|x64
		{097D9F6C-FD0E-4CBC-9676-009012AAECA8}.OGL Debug|x64.Build.0 = OGL Debug|x64
		{097D9F6C-FD0E-4CBC-9676-009012AAECA8}.OGL Debug|x86.ActiveCfg = OGL Debug|Win32
		{097D9F6C-FD0E-4CBC-9676-009012AAECA8}.OGL Debug|x86.Build.0 = OGL Debug|Win32
		{097D9F6C-FD0E-4CBC-9676-009012AAECA8}.OGL Release|x64.ActiveCfg = OGL Release|x64
		{097D9F6C-FD0E-4CBC-9676-009012AAECA8}.OGL Release|x64.Build.0 = OGL Release|x64
		{097D9F6C-FD0E-4CBC-9676-009012AAECA8}.OGL Release|x86.ActiveCfg = OGL Release|Win32
		{097D9F6C-FD0E-4CBC-9676-009012AAECA8}.OGL Release|x86.Build.0 = OGL Release|Win32
		{097D9F6C-FD0E-4CBC-9676-009012AAECA8}.Tools Debug|x64.ActiveCfg = Tools Debug|x64
		{097D9F6C-FD0E-4CBC-9676-009012AAECA8}.Tools Debug|x64.Build.0 = Tools Debug|x64
		{097D9F6C-FD0E-4CBC-9676-009012AAECA8}.Tools Debug|x86.ActiveCfg = Tools Debug|Win32
		{097D9F6C-FD0E-4CBC-9676-009012AAECA8}.Tools Debug|x86.Build.0 = Tools Debug|Win32
		{097D9F6C-FD0E-4CBC-9676-009012AAECA8}.Tools Release|x64.ActiveCfg = Tools Release|x64
		{097D9F6C-FD0E-4CBC-9676-009012AAECA8}.Tools Release|x64.Build.0 = Tools Release|x64
		{097D9F6C-FD0E-4CBC-9676-009012AAECA8}.Tools Release|x86.ActiveCfg = Tools Release|Win32
		{097D9F6C-FD0E-4CBC-9676-009012AAECA8}.Tools Release|x86.Build.0 = Tools Release|Win32
		{097D9F6C-FD0E-4CBC-9676-009012AAECA8}.Vulkan Debug|x64.ActiveCfg = Vulkan Debug|x64
		{097D9F6C-FD0E-4CBC-9676-009012AAECA8}.Vulkan Debug|x64.Build.0 = Vulkan Debug|x64
		{097D9F6C-FD0E-4CBC-9676-009012AAECA8}.Vulkan Debug|x86.ActiveCfg = Vulkan Debug|Win32
		{097D9F6C-FD0E-4CBC-9676-009012AAECA8}.Vulkan Debug|x86.Build.0 = Vulkan Debug|Win32
		{097D9F6C-FD0E-4CBC-9676-009012AAECA8}.Vulkan Release|x64.ActiveCfg = Vulkan Release|x64
		{097D9F6C-FD0E-4CBC-9676-009012AAECA8}.Vulkan Release|x64.Build.0 = Vulkan Release|x64
		{097D9F6C-FD0E-4CBC-9676-009012AAECA8}.Vulkan Release|x86.ActiveCfg = Vulkan Release|Win32
		{097D9F6C-FD0E-4CBC-9676-009012AAECA8}.Vulkan Release|x86.Build.0 = Vulkan Release|Win32
		{EC085CBD-E9C3-477F-9A97-CB9D5DA30E27}.DX11 Debug|x64.ActiveCfg = DX11 Debug|x64
		{EC085CBD-E9C3-477F-9A97-CB9D5DA30E27}.DX11 Debug|x64.Build.0 = DX11 Debug|x64
		{EC085CBD-E9C3-477F-9A97-CB9D5DA30E27}.DX11 Debug|x86.ActiveCfg = DX11 Debug|Win32
		{EC085CBD-E9C3-477F-9A97-CB9D5DA30E27}.DX11 Debug|x86.Build.0 = DX11 Debug|Win32
		{EC085CBD-E9C3-477F-9A97-CB9D5DA30E27}.DX11 Release|x64.ActiveCfg = DX11 Release|x64
		{EC085CBD-E9C3-477F-9A97-CB9D5DA30E27}.DX11 Release|x64.Build.0 = DX11 Release|x64
		{EC085CBD-E9C3-477F-9A97-CB9D5DA30E27}.DX11 Release|x86.ActiveCfg = DX11 Release|Win32
		{EC085CBD-E9C3-477F-9A97-CB9D5DA30E27}.DX11 Release|x86.Build.0 = DX11 Release|Win32
		{EC085CBD-E9C3-477F-9A97-CB9D5DA30E27}.DX9 Debug|x64.ActiveCfg = DX9 Debug|x64
		{EC085CBD-E9C3-477F-9A97-CB9D5DA30E27}.DX9 Debug|x64.Build.0 = DX9 Debug|x64
		{EC085CBD-E9C3-477F-9A97-CB9D5DA30E27}.DX9 Debug|x86.ActiveCfg = DX9 Debug|Win32
		{EC085CBD-E9C3-477F-9A97-CB9D5DA30E27}.DX9 Debug|x86.Build.0 = DX9 Debug|Win32
		{EC085CBD-E9C3-477F-9A97-CB9D5DA30E27}.DX9 Release|x64.ActiveCfg = DX9 Release|x64
		{EC085CBD-E9C3-477F-9A97-CB9D5DA30E27}.DX9 Release|x64.Build.0 = DX9 Release|x64
		{EC085CBD-E9C3-477F-9A97-CB9D5DA30E27}.DX9 Release|x86.ActiveCfg = DX9 Release|Win32
		{EC085CBD-E9C3-477F-9A97-CB9D5DA30E27}.DX9 Release|x86.Build.0 = DX9 Release|Win32
		{EC085CBD-E9C3-477F-9A97-CB9D5DA30E27}.OGL Debug|x64.ActiveCfg = OGL Debug|x64
		{EC085CBD-E9C3-477F-9A97-CB9D5DA30E27}.OGL Debug|x64.Build.0 = OGL Debug|x64
		{EC085CBD-E9C3-477F-9A97-CB9D5DA30E27}.OGL Debug|x86.ActiveCfg = OGL Debug|Win32
		{EC085CBD-E9C3-477F-9A97-CB9D5DA30E27}.OGL Debug|x86.Build.0 = OGL Debug|Win32
		{EC085CBD-E9C3-477F-9A97-CB9D5DA30E27}.OGL Release|x64.ActiveCfg = OGL Release|x64
		{EC085CBD-E9C3-477F-9A97-CB9D5DA30E27}.OGL Release|x64.Build.0 = OGL Release|x64
		{EC085CBD-E9C3-477F-9A97-CB9D5DA30E27}.OGL Release|x86.ActiveCfg = OGL Release|Win32
		{EC085CBD-E9C3-477F-9A97-CB9D5DA30E27}.OGL Release|x86.Build.0 = OGL Release|Win32
		{EC085CBD-E9C3-477F-9A97-CB9D5DA30E27}.Tools Debug|x64.ActiveCfg = Tools Debug|x64
		{EC085CBD-E9C3-477F-9A97-CB9D5DA30E27}.Tools Debug|x64.Build.0 = Tools Debug|x64
		{EC085CBD-E9C3-477F-9A97-CB9D5DA30E27}.Tools Debug|x86.ActiveCfg = Tools Debug|Win32
		{EC085CBD-E9C3-477F-9A97-CB9D5DA30E27}.Tools Debug|x86.Build.0 = Tools Debug|Win32
		{EC085CBD-E9C3-477F-9A97-CB9D5DA30E27}.Tools Release|x64.ActiveCfg = Tools Release|x64
		{EC085CBD-E9C3-477F-9A97-CB9D5DA30E27}.Tools Release|x64.Build.0 = Tools Release|x64
		{EC085CBD-E9C3-477F-9A97-CB9D5DA30E27}.Tools Release|x86.ActiveCfg = Tools Release|Win32
		{EC085CBD-E9C3-477F-9A97-CB9D5DA30E27}.Tools Release|x86.Build.0 = Tools Release|Win32
		{EC085CBD-E9C3-477F-9A97-CB9D5DA30E27}.Vulkan Debug|x64.ActiveCfg = Vulkan Debug|x64
		{EC085CBD-E9C3-477F-9A97-CB9D5DA30E27}.Vulkan Debug|x64.Build.0 = Vulkan Debug|x64
		{EC085CBD-E9C3-477F-9A97-CB9D5DA30E27}.Vulkan Debug|x86.ActiveCfg = Vulkan Debug|Win32
		{EC085CBD-E9C3-477F-9A97-CB9D5DA30E27}.Vulkan Debug|x86.Build.0 = Vulkan Debug|Win32
		{EC085CBD-E9C3-477F-9A97-CB9D5DA30E27}.Vulkan Release|x64.ActiveCfg = Vulkan Release|x64
		{EC085CBD-E9C3-477F-9A97-CB9D5DA30E27}.Vulkan Release|x64.Build.0 = Vulkan Release|x64
		{EC085CBD-E9C3-477F-9A97-CB9D5DA30E27}.Vulkan Release|x86.ActiveCfg = Vulkan Release|Win32
		{EC085CBD-E9C3-477F-9A97-CB9D5DA30E27}.Vulkan Release|x86.Build.0 = Vulkan Release|Win32
		{07F662C1-1323-42AB-B6AF-FBFD34A7437A}.DX11 Debug|x64.ActiveCfg = DX11 Debug|x64
		{07F662C1-1323-42AB-B6AF-FBFD34A7437A}.DX11 Debug|x64.Build.0 = DX11 Debug|x64
		{07F662C1-1323-42AB-B6AF-FBFD34A7437A}.DX11 Debug|x86.ActiveCfg = DX11 Debug|Win32
		{07F662C1-1323-42AB-B6AF-FBFD34A7437A}.DX11 Debug|x86.Build.0 = DX11 Debug|Win32
		{07F662C1-1323-42AB-B6AF-FBFD34A7437A}.DX11 Release|x64.ActiveCfg = DX11 Release|x64
		{07F662C1-1323-42AB-B6AF-FBFD34A7437A}.DX11 Release|x64.Build.0 = DX11 Release|x64
		{07F662C1-1323-42AB-B6AF-FBFD34A7437A}.DX11 Release|x86.ActiveCfg = DX11 Release|Win32
		{07F662C1-1323-42AB-B6AF-FBFD34A7437A}.DX11 Release|x86.Build.0 = DX11 Release|Win32
		{07F662C1-1323-42AB-B6AF-FBFD34A7437A}.DX9 Debug|x64.ActiveCfg = DX9 Debug|x64
		{07F662C1-1323-42AB-B6AF-FBFD34A7437A}.DX9 Debug|x64.Build.0 = DX9 Debug|x64
		{07F662C1-1323-42AB-B6AF-FBFD34A7437A}.DX9 Debug|x86.ActiveCfg = DX9 Debug|Win32
		{07F662C1-1323-42AB-B6AF-FBFD34A7437A}.DX9 Debug|x86.Build.0 = DX9 Debug|Win32
		{07F662C1-1323-42AB-B6AF-FBFD34A7437A}.DX9 Release|x64.ActiveCfg = DX9 Release|x64
		{07F662C1-1323-42AB-B6AF-FBFD34A7437A}.DX9 Release|x64.Build.0 = DX9 Release|x64
		{07F662C1-1323-42AB-B6AF-FBFD34A7437A}.DX9 Release|x86.ActiveCfg = DX9 Release|Win32
		{07F662C1-1323-42AB-B6AF-FBFD34A7437A}.DX9 Release|x86.Build.0 = DX9 Release|Win32
		{07F662C1-1323-42AB-B6AF-FBFD34A7437A}.OGL Debug|x64.ActiveCfg = OGL Debug|x64
		{07F662C1-1323-42AB-B6AF-FBFD34A7437A}.OGL Debug|x64.Build.0 = OGL Debug|x64
		{07F662C1-1323-42AB-B6AF-FBFD34A7437A}.OGL Debug|x86.ActiveCfg = OGL Debug|Win32
		{07F662C1-1323-42AB-B6AF-FBFD34A7437A}.OGL Debug|x86.Build.0 = OGL Debug|Win32
		{07F662C1-1323-42AB-B6AF-FBFD34A7437A}.OGL Release|x64.ActiveCfg = OGL Release|x64
		{07F662C1-1323-42AB-B6AF-FBFD34A7437A}.OGL Release|x64.Build.0 = OGL Release|x64
		{07F662C1-1323-42AB-B6AF-FBFD34A7437A}.OGL Release|x86.ActiveCfg = OGL Release|Win32
		{07F662C1-1323-42AB-B6AF-FBFD34A7437A}.OGL Release|x86.Build.0 = OGL Release|Win32
		{07F662C1-1323-42AB-B6AF-FBFD34A7437A}.Tools Debug|x64.ActiveCfg = Tools Debug|x64
		{07F662C1-1323-42AB-B6AF-FBFD34A7437A}.Tools Debug|x64.Build.0 = Tools Debug|x64
		{07F662C1-1323-42AB-B6AF-FBFD34A7437A}.Tools Debug|x86.ActiveCfg = Tools Debug|Win32
		{07F662C1-1323-42AB-B6AF-FBFD34A7437A}.Tools Debug|x86.Build.0 = Tools Debug|Win32
		{07F662C1-1323-42AB-B6AF-FBFD34A7437A}.Tools Release|x64.ActiveCfg = Tools Release|x64
		{07F662C1-1323-42AB-B6AF-FBFD34A7437A}.Tools Release|x64.Build.0 = Tools Release|x64
		{07F662C1-1323-42AB-B6AF-FBFD34A7437A}.Tools Release|x86.ActiveCfg = Tools Release|Win32
		{07F662C1-1323-42AB-B6AF-FBFD34A7437A}.Tools Release|x86.Build.0 = Tools Release|Win32
		{07F662C1-1323-42AB-B6AF-FBFD34A7437A}.Vulkan Debug|x64.ActiveCfg = Vulkan Debug|x64
		{07F662C1-1323-42AB-B6AF-FBFD34A7437A}.Vulkan Debug|x64.Build.0 = Vulkan Debug|x64
		{07F662C1-1323-42AB-B6AF-FBFD34A7437A}.Vulkan Debug|x86.ActiveCfg = Vulkan Debug|Win32
		{07F662C1-1323-42AB-B6AF-FBFD34A7437A}.Vulkan Debug|x86.Build.0 = Vulkan Debug|Win32
		{07F662C1-1323-42AB-B6AF-FBFD34A7437A}.Vulkan Release|x64.ActiveCfg = Vulkan Release|x64
		{07F662C1-1323-42AB-B6AF-FBFD34A7437A}.Vulkan Release|x64.Build.0 = Vulkan Release|x64
		{07F662C1-1323-42AB-B6AF-FBFD34A7437A}.Vulkan Release|x86.ActiveCfg = Vulkan Release|Win32
		{07F662C1-1323-42AB-B6AF-FBFD34A7437A}.Vulkan Release|x86.Build.0 = Vulkan Release|Win32
		{7DB10B50-CE00-4D7A-B322-6824F05D2FCB}.DX11 Debug|x64.ActiveCfg = DX11 Debug|x64
		{7DB10B50-CE00-4D7A-B322-6824F05D2FCB}.DX11 Debug|x64.Build.0 = DX11 Debug|x64
		{7DB10B50-CE00-4D7A-B322-6824F05D2FCB}.DX11 Debug|x86.ActiveCfg = DX11 Debug|Win32
		{7DB10B50-CE00-4D7A-B322-6824F05D2FCB}.DX11 Debug|x86.Build.0 = DX11 Debug|Win32
		{7DB10B50-CE00-4D7A-B322-6824F05D2FCB}.DX11 Release|x64.ActiveCfg = DX11 Release|x64
		{7DB10B50-CE00-4D7A-B322-6824F05D2FCB}.DX11 Release|x64.Build.0 = DX11 Release|x64
		{7DB10B50-CE00-4D7A-B322-6824F05D2FCB}.DX11 Release|x86.ActiveCfg = DX11 Release|Win32
		{7DB10B50-CE00-4D7A-B322-6824F05D2FCB}.DX11 Release|x86.Build.0 = DX11 Release|Win32
		{7DB10B50-CE00-4D7A-B322-6824F05D2FCB}.DX9 Debug|x64.ActiveCfg = DX9 Debug|x64
		{7DB10B50-CE00-4D7A-B322-6824F05D2FCB}.DX9 Debug|x64.Build.0 = DX9 Debug|x64
		{7DB10B50-CE00-4D7A-B322-6824F05D2FCB}.DX9 Debug|x86.ActiveCfg = DX9 Debug|Win32
		{7DB10B50-CE00-4D7A-B322-6824F05D2FCB}.DX9 Debug|x86.Build.0 = DX9 Debug|Win32
		{7DB10B50-CE00-4D7A-B322-6824F05D2FCB}.DX9 Release|x64.ActiveCfg = DX9 Release|x64
		{7DB10B50-CE00-4D7A-B322-6824F05D2FCB}.DX9 Release|x64.Build.0 = DX9 Release|x64
		{7DB10B50-CE00-4D7A-B322-6824F05D2FCB}.DX9 Release|x86.ActiveCfg = DX9 Release|Win32
		{7DB10B50-CE00-4D7A-B322-6824F05D2FCB}.DX9 Release|x86.Build.0 = DX9 Release|Win32
		{7DB10B50-CE00-4D7A-B322-6824F05D2FCB}.OGL Debug|x64.ActiveCfg = OGL Debug|x64
		{7DB10B50-CE00-4D7A-B322-6824F05D2FCB}.OGL Debug|x64.Build.0 = OGL Debug|x64
		{7DB10B50-CE00-4D7A-B322-6824F05D2FCB}.OGL Debug|x86.ActiveCfg = OGL Debug|Win32
		{7DB10B50-CE00-4D7A-B322-6824F05D2FCB}.OGL Debug|x86.Build.0 = OGL Debug|Win32
		{7DB10B50-CE00-4D7A-B322-6824F05D2FCB}.OGL Release|x64.ActiveCfg = OGL Release|x64
		{7DB10B50-CE00-4D7A-B322-6824F05D2FCB}.OGL Release|x64.Build.0 = OGL Release|x64
		{7DB10B50-CE00-4D7A-B322-6824F05D2FCB}.OGL Release|x86.ActiveCfg = OGL Release|Win32
		{7DB10B50-CE00-4D7A-B322-6824F05D2FCB}.OGL Release|x86.Build.0 = OGL Release|Win32
		{7DB10B50-CE00-4D7A-B322-6824F05D2FCB}.Tools Debug|x64.ActiveCfg = Tools Debug|x64
		{7DB10B50-CE00-4D7A-B322-6824F05D2FCB}.Tools Debug|x64.Build.0 = Tools Debug|x64
		{7DB10B50-CE00-4D7A-B322-6824F05D2FCB}.Tools Debug|x86.ActiveCfg = Tools Debug|Win32
		{7DB10B50-CE00-4D7A-B322-6824F05D2FCB}.Tools Debug|x86.Build.0 = Tools Debug|Win32
		{7DB10B50-CE00-4D7A-B322-6824F05D2FCB}.Tools Release|x64.ActiveCfg = Tools Release|x64
		{7DB10B50-CE00-4D7A-B322-6824F05D2FCB}.Tools Release|x64.Build.0 = Tools Release|x64
		{7DB10B50-CE00-4D7A-B322-6824F05D2FCB}.Tools Release|x86.ActiveCfg = Tools Release|Win32
		{7DB10B50-CE00-4D7A-B322-6824F05D2FCB}.Tools Release|x86.Build.0 = Tools Release|Win32
		{7DB10B50-CE00-4D7A-B322-6824F05D2FCB}.Vulkan Debug|x64.ActiveCfg = Vulkan Debug|x64
		{7DB10B50-CE00-4D7A-B322-6824F05D2FCB}.Vulkan Debug|x64.Build.0 = Vulkan Debug|x64
		{7DB10B50-CE00-4D7A-B322-6824F05D2FCB}.Vulkan Debug|x86.ActiveCfg = Vulkan Debug|Win32
		{7DB10B50-CE00-4D7A-B322-6824F05D2FCB}.Vulkan Debug|x86.Build.0 = Vulkan Debug|Win32
		{7DB10B50-CE00-4D7A-B322-6824F05D2FCB}.Vulkan Release|x64.ActiveCfg = Vulkan Release|x64
		{7DB10B50-CE00-4D7A-B322-6824F05D2FCB}.Vulkan Release|x64.Build.0 = Vulkan Release|x64
		{7DB10B50-CE00-4D7A-B322-6824F05D2FCB}.Vulkan Release|x86.ActiveCfg = Vulkan Release|Win32
		{7DB10B50-CE00-4D7A-B322-6824F05D2FCB}.Vulkan Release|x86.Build.0 = Vulkan Release|Win32
		{E3536C28-A7F1-4B53-8E52-7D2232F9E098}.DX11 Debug|x64.ActiveCfg = DX11 Debug|x64
		{E3536C28-A7F1-4B53-8E52-7D2232F9E098}.DX11 Debug|x64.Build.0 = DX11 Debug|x64
		{E3536C28-A7F1-4B53-8E52-7D2232F9E098}.DX11 Debug|x86.ActiveCfg = DX11 Debug|Win32
		{E3536C28-A7F1-4B53-8E52-7D2232F9E098}.DX11 Debug|x86.Build.0 = DX11 Debug|Win32
		{E3536C28-A7F1-4B53-8E52-7D2232F9E098}.DX11 Release|x64.ActiveCfg = DX11 Release|x64
		{E3536C28-A7F1-4B53-8E52-7D2232F9E098}.DX11 Release|x64.Build.0 = DX11 Release|x64
		{E3536C28-A7F1-4B53-8E52-7D2232F9E098}.DX11 Release|x86.ActiveCfg = DX11 Release|Win32
		{E3536C28-A7F1-4B53-8E52-7D2232F9E098}.DX11 Release|x86.Build.0 = DX11 Release|Win32
		{E3536C28-A7F1-4B53-8E52-7D2232F9E098}.DX9 Debug|x64.ActiveCfg = DX9 Debug|x64
		{E3536C28-A7F1-4B53-8E52-7D2232F9E098}.DX9 Debug|x64.Build.0 = DX9 Debug|x64
		{E3536C28-A7F1-4B53-8E52-7D2232F9E098}.DX9 Debug|x86.ActiveCfg = DX9 Debug|Win32
		{E3536C28-A7F1-4B53-8E52-7D2232F9E098}.DX9 Debug|x86.Build.0 = DX9 Debug|Win32
		{E3536C28-A7F1-4B53-8E52-7D2232F9E098}.DX9 Release|x64.ActiveCfg = DX9 Release|x64
		{E3536C28-A7F1-4B53-8E52-7D2232F9E098}.DX9 Release|x64.Build.0 = DX9 Release|x64
		{E3536C28-A7F1-4B53-8E52-7D2232F9E098}.DX9 Release|x86.ActiveCfg = DX9 Release|Win32
		{E3536C28-A7F1-4B53-8E52-7D2232F9E098}.DX9 Release|x86.Build.0 = DX9 Release|Win32
		{E3536C28-A7F1-4B53-8E52-7D2232F9E098}.OGL Debug|x64.ActiveCfg = OGL Debug|x64
		{E3536C28-A7F1-4B53-8E52-7D2232F9E098}.OGL Debug|x64.Build.0 = OGL Debug|x64
		{E3536C28-A7F1-4B53-8E52-7D2232F9E098}.OGL Debug|x86.ActiveCfg = OGL Debug|Win32
		{E3536C28-A7F1-4B53-8E52-7D2232F9E098}.OGL Debug|x86.Build.0 = OGL Debug|Win32
		{E3536C28-A7F1-4B53-8E52-7D2232F9E098}.OGL Release|x64.ActiveCfg = OGL Release|x64
		{E3536C28-A7F1-4B53-8E52-7D2232F9E098}.OGL Release|x64.Build.0 = OGL Release|x64
		{E3536C28-A7F1-4B53-8E52-7D2232F9E098}.OGL Release|x86.ActiveCfg = OGL Release|Win32
		{E3536C28-A7F1-4B53-8E52-7D2232F9E098}.OGL Release|x86.Build.0 = OGL Release|Win32
		{E3536C28-A7F1-4B53-8E52-7D2232F9E098}.Tools Debug|x64.ActiveCfg = Tools Debug|x64
		{E3536C28-A7F1-4B53-8E52-7D2232F9E098}.Tools Debug|x64.Build.0 = Tools Debug|x64
		{E3536C28-A7F1-4B53-8E52-7D2232F9E098}.Tools Debug|x86.ActiveCfg = Tools Debug|Win32
		{E3536C28-A7F1-4B53-8E52-7D2232F9E098}.Tools Debug|x86.Build.0 = Tools Debug|Win32
		{E3536C28-A7F1-4B53-8E52-7D2232F9E098}.Tools Release|x64.ActiveCfg = Tools Release|x64
		{E3536C28-A7F1-4B53-8E52-7D2232F9E098}.Tools Release|x64.Build.0 = Tools Release|x64
		{E3536C28-A7F1-4B53-8E52-7D2232F9E098}.Tools Release|x86.ActiveCfg = Tools Release|Win32
		{E3536C28-A7F1-4B53-8E52-7D2232F9E098}.Tools Release|x86.Build.0 = Tools Release|Win32
		{E3536C28-A7F1-4B53-8E52-7D2232F9E098}.Vulkan Debug|x64.ActiveCfg = Vulkan Debug|x64
		{E3536C28-A7F1-4B53-8E52-7D2232F9E098}.Vulkan Debug|x64.Build.0 = Vulkan Debug|x64
		{E3536C28-A7F1-4B53-8E52-7D2232F9E098}.Vulkan Debug|x86.ActiveCfg = Vulkan Debug|Win32
		{E3536C28-A7F1-4B53-8E52-7D2232F9E098}.Vulkan Debug|x86.Build.0 = Vulkan Debug|Win32
		{E3536C28-A7F1-4B53-8E52-7D2232F9E098}.Vulkan Release|x64.ActiveCfg = Vulkan Release|x64
		{E3536C28-A7F1-4B53-8E52-7D2232F9E098}.Vulkan Release|x64.Build.0 = Vulkan Release|x64
		{E3536C28-A7F1-4B53-8E52-7D2232F9E098}.Vulkan Release|x86.ActiveCfg = Vulkan Release|Win32
		{E3536C28-A7F1-4B53-8E52-7D2232F9E098}.Vulkan Release|x86.Build.0 = Vulkan Release|Win32
		{244455E0-5F25-4451-9540-F317883E52A8}.DX11 Debug|x64.ActiveCfg = DX11 Debug|x64
		{244455E0-5F25-4451-9540-F317883E52A8}.DX11 Debug|x64.Build.0 = DX11 Debug|x64
		{244455E0-5F25-4451-9540-F317883E52A8}.DX11 Debug|x86.ActiveCfg = DX11 Debug|Win32
		{244455E0-5F25-4451-9540-F317883E52A8}.DX11 Debug|x86.Build.0 = DX11 Debug|Win32
		{244455E0-5F25-4451-9540-F317883E52A8}.DX11 Release|x64.ActiveCfg = DX11 Release|x64
		{244455E0-5F25-4451-9540-F317883E52A8}.DX11 Release|x64.Build.0 = DX11 Release|x64
		{244455E0-5F25-4451-9540-F317883E52A8}.DX11 Release|x86.ActiveCfg = DX11 Release|Win32
		{244455E0-5F25-4451-9540-F317883E52A8}.DX11 Release|x86.Build.0 = DX11 Release|Win32
		{244455E0-5F25-4451-9540-F317883E52A8}.DX9 Debug|x64.ActiveCfg = DX9 Debug|x64
		{244455E0-5F25-4451-9540-F317883E52A8}.DX9 Debug|x64.Build.0 = DX9 Debug|x64
		{244455E0-5F25-4451-9540-F317883E52A8}.DX9 Debug|x86.ActiveCfg = DX9 Debug|Win32
		{244455E0-5F25-4451-9540-F317883E52A8}.DX9 Debug|x86.Build.0 = DX9 Debug|Win32
		{244455E0-5F25-4451-9540-F317883E52A8}.DX9 Release|x64.ActiveCfg = DX9 Release|x64
		{244455E0-5F25-4451-9540-F317883E52A8}.DX9 Release|x64.Build.0 = DX9 Release|x64
		{244455E0-5F25-4451-9540-F317883E52A8}.DX9 Release|x86.ActiveCfg = DX9 Release|Win32
		{244455E0-5F25-4451-9540-F317883E52A8}.DX9 Release|x86.Build.0 = DX9 Release|Win32
		{244455E0-5F25-4451-9540-F317883E52A8}.OGL Debug|x64.ActiveCfg = OGL Debug|x64
		{244455E0-5F25-4451-9540-F317883E52A8}.OGL Debug|x64.Build.0 = OGL Debug|x64
		{244455E0-5F25-4451-9540-F317883E52A8}.OGL Debug|x86.ActiveCfg = OGL Debug|Win32
		{244455E0-5F25-4451-9540-F317883E52A8}.OGL Debug|x86.Build.0 = OGL Debug|Win32
		{244455E0-5F25-4451-9540-F317883E52A8}.OGL Release|x64.ActiveCfg = OGL Release|x64
		{244455E0-5F25-4451-9540-F317883E52A8}.OGL Release|x64.Build.0 = OGL Release|x64
		{244455E0-5F25-4451-9540-F317883E52A8}.OGL Release|x86.ActiveCfg = OGL Release|Win32
		{244455E0-5F25-4451-9540-F317883E52A8}.OGL Release|x86.Build.0 = OGL Release|Win32
		{244455E0-5F25-4451-9540-F317883E52A8}.Tools Debug|x64.ActiveCfg = Tools Debug|x64
		{244455E0-5F25-4451-9540-F317883E52A8}.Tools Debug|x64.Build.0 = Tools Debug|x64
		{244455E0-5F25-4451-9540-F317883E52A8}.Tools Debug|x86.ActiveCfg = Tools Debug|Win32
		{244455E0-5F25-4451-9540-F317883E52A8}.Tools Debug|x86.Build.0 = Tools Debug|Win32
		{244455E0-5F25-4451-9540-F317883E52A8}.Tools Release|x64.ActiveCfg = Tools Release|x64
		{244455E0-5F25-4451-9540-F317883E52A8}.Tools Release|x64.Build.0 = Tools Release|x64
		{244455E0-5F25-4451-9540-F317883E52A8}.Tools Release|x86.ActiveCfg = Tools Release|Win32
		{244455E0-5F25-4451-9540-F317883E52A8}.Tools Release|x86.Build.0 = Tools Release|Win32
		{244455E0-5F25-4451-9540-F317883E52A8}.Vulkan Debug|x64.ActiveCfg = Vulkan Debug|x64
		{244455E0-5F25-4451-9540-F317883E52A8}.Vulkan Debug|x64.Build.0 = Vulkan Debug|x64
		{244455E0-5F25-4451-9540-F317883E52A8}.Vulkan Debug|x86.ActiveCfg = Vulkan Debug|Win32
		{244455E0-5F25-4451-9540-F317883E52A8}.Vulkan Debug|x86.Build.0 = Vulkan Debug|Win32
		{244455E0-5F25-4451-9540-F317883E52A8}.Vulkan Release|x64.ActiveCfg = Vulkan Release|x64
		{244455E0-5F25-4451-9540-F317883E52A8}.Vulkan Release|x64.Build.0 = Vulkan Release|x64
		{244455E0-5F25-4451-9540-F317883E52A8}.Vulkan Release|x86.ActiveCfg = Vulkan Release|Win32
		{244455E0-5F25-4451-9540-F317883E52A8}.Vulkan Release|x86.Build.0 = Vulkan Release|Win32
		{5E1D4E5F-E10C-4BA3-B663-F33014FD21D9}.DX11 Debug|x64.ActiveCfg = DX11 Debug|x64
		{5E1D4E5F-E10C-4BA3-B663-F33014FD21D9}.DX11 Debug|x64.Build.0 = DX11 Debug|x64
		{5E1D4E5F-E10C-4BA3-B663-F33014FD21D9}.DX11 Debug|x86.ActiveCfg = DX11 Debug|Win32
		{5E1D4E5F-E10C-4BA3-B663-F33014FD21D9}.DX11 Debug|x86.Build.0 = DX11 Debug|Win32
		{5E1D4E5F-E10C-4BA3-B663-F33014FD21D9}.DX11 Release|x64.ActiveCfg = DX11 Release|x64
		{5E1D4E5F-E10C-4BA3-B663-F33014FD21D9}.DX11 Release|x64.Build.0 = DX11 Release|x64
		{5E1D4E5F-E10C-4BA3-B663-F33014FD21D9}.DX11 Release|x86.ActiveCfg = DX11 Release|Win32
		{5E1D4E5F-E10C-4BA3-B663-F33014FD21D9}.DX11 Release|x86.Build.0 = DX11 Release|Win32
		{5E1D4E5F-E10C-4BA3-B663-F33014FD21D9}.DX9 Debug|x64.ActiveCfg = DX9 Debug|x64
		{5E1D4E5F-E10C-4BA3-B663-F33014FD21D9}.DX9 Debug|x64.Build.0 = DX9 Debug|x64
		{5E1D4E5F-E10C-4BA3-B663-F33014FD21D9}.DX9 Debug|x86.ActiveCfg = DX9 Debug|Win32
		{5E1D4E5F-E10C-4BA3-B663-F33014FD21D9}.DX9 Debug|x86.Build.0 = DX9 Debug|Win32
		{5E1D4E5F-E10C-4BA3-B663-F33014FD21D9}.DX9 Release|x64.ActiveCfg = DX9 Release|x64
		{5E1D4E5F-E10C-4BA3-B663-F33014FD21D9}.DX9 Release|x64.Build.0 = DX9 Release|x64
		{5E1D4E5F-E10C-4BA3-B663-F33014FD21D9}.DX9 Release|x86.ActiveCfg = DX9 Release|Win32
		{5E1D4E5F-E10C-4BA3-B663-F33014FD21D9}.DX9 Release|x86.Build.0 = DX9 Release|Win32
		{5E1D4E5F-E10C-4BA3-B663-F33014FD21D9}.OGL Debug|x64.ActiveCfg = OGL Debug|x64
		{5E1D4E5F-E10C-4BA3-B663-F33014FD21D9}.OGL Debug|x64.Build.0 = OGL Debug|x64
		{5E1D4E5F-E10C-4BA3-B663-F33014FD21D9}.OGL Debug|x86.ActiveCfg = OGL Debug|Win32
		{5E1D4E5F-E10C-4BA3-B663-F33014FD21D9}.OGL Debug|x86.Build.0 = OGL Debug|Win32
		{5E1D4E5F-E10C-4BA3-B663-F33014FD21D9}.OGL Release|x64.ActiveCfg = OGL Release|x64
		{5E1D4E5F-E10C-4BA3-B663-F33014FD21D9}.OGL Release|x64.Build.0 = OGL Release|x64
		{5E1D4E5F-E10C-4BA3-B663-F33014FD21D9}.OGL Release|x86.ActiveCfg = OGL Release|Win32
		{5E1D4E5F-E10C-4BA3-B663-F33014FD21D9}.OGL Release|x86.Build.0 = OGL Release|Win32
		{5E1D4E5F-E10C-4BA3-B663-F33014FD21D9}.Tools Debug|x64.ActiveCfg = Tools Debug|x64
		{5E1D4E5F-E10C-4BA3-B663-F33014FD21D9}.Tools Debug|x64.Build.0 = Tools Debug|x64
		{5E1D4E5F-E10C-4BA3-B663-F33014FD21D9}.Tools Debug|x86.ActiveCfg = Tools Debug|Win32
		{5E1D4E5F-E10C-4BA3-B663-F33014FD21D9}.Tools Debug|x86.Build.0 = Tools Debug|Win32
		{5E1D4E5F-E10C-4BA3-B663-F33014FD21D9}.Tools Release|x64.ActiveCfg = Tools Release|x64
		{5E1D4E5F-E10C-4BA3-B663-F33014FD21D9}.Tools Release|x64.Build.0 = Tools Release|x64
		{5E1D4E5F-E10C-4BA3-B663-F33014FD21D9}.Tools Release|x86.ActiveCfg = Tools Release|Win32
		{5E1D4E5F-E10C-4BA3-B663-F33014FD21D9}.Tools Release|x86.Build.0 = Tools Release|Win32
		{5E1D4E5F-E10C-4BA3-B663-F33014FD21D9}.Vulkan Debug|x64.ActiveCfg = Vulkan Debug|x64
		{5E1D4E5F-E10C-4BA3-B663-F33014FD21D9}.Vulkan Debug|x64.Build.0 = Vulkan Debug|x64
		{5E1D4E5F-E10C-4BA3-B663-F33014FD21D9}.Vulkan Debug|x86.ActiveCfg = Vulkan Debug|Win32
		{5E1D4E5F-E10C-4BA3-B663-F33014FD21D9}.Vulkan Debug|x86.Build.0 = Vulkan Debug|Win32
		{5E1D4E5F-E10C-4BA3-B663-F33014FD21D9}.Vulkan Release|x64.ActiveCfg = Vulkan Release|x64
		{5E1D4E5F-E10C-4BA3-B663-F33014FD21D9}.Vulkan Release|x64.Build.0 = Vulkan Release|x64
		{5E1D4E5F-E10C-4BA3-B663-F33014FD21D9}.Vulkan Release|x86.ActiveCfg = Vulkan Release|Win32
		{5E1D4E5F-E10C-4BA3-B663-F33014FD21D9}.Vulkan Release|x86.Build.0 = Vulkan Release|Win32
		{9E219DF2-315D-478E-8A07-8960C377CE1E}.DX11 Debug|x64.ActiveCfg = DX11 Debug|x64
		{9E219DF2-315D-478E-8A07-8960C377CE1E}.DX11 Debug|x64.Build.0 = DX11 Debug|x64
		{9E219DF2-315D-478E-8A07-8960C377CE1E}.DX11 Debug|x86.ActiveCfg = DX11 Debug|Win32
		{9E219DF2-315D-478E-8A07-8960C377CE1E}.DX11 Debug|x86.Build.0 = DX11 Debug|Win32
		{9E219DF2-315D-478E-8A07-8960C377CE1E}.DX11 Release|x64.ActiveCfg = DX11 Release|x64
		{9E219DF2-315D-478E-8A07-8960C377CE1E}.DX11 Release|x64.Build.0 = DX11 Release|x64
		{9E219DF2-315D-478E-8A07-8960C377CE1E}.DX11 Release|x86.ActiveCfg = DX11 Release|Win32
		{9E219DF2-315D-478E-8A07-8960C377CE1E}.DX11 Release|x86.Build.0 = DX11 Release|Win32
		{9E219DF2-315D-478E-8A07-8960C377CE1E}.DX9 Debug|x64.ActiveCfg = DX9 Debug|x64
		{9E219DF2-315D-478E-8A07-8960C377CE1E}.DX9 Debug|x64.Build.0 = DX9 Debug|x64
		{9E219DF2-315D-478E-8A07-8960C377CE1E}.DX9 Debug|x86.ActiveCfg = DX9 Debug|Win32
		{9E219DF2-315D-478E-8A07-8960C377CE1E}.DX9 Debug|x86.Build.0 = DX9 Debug|Win32
		{9E219DF2-315D-478E-8A07-8960C377CE1E}.DX9 Release|x64.ActiveCfg = DX9 Release|x64
		{9E219DF2-315D-478E-8A07-8960C377CE1E}.DX9 Release|x64.Build.0 = DX9 Release|x64
		{9E219DF2-315D-478E-8A07-8960C377CE1E}.DX9 Release|x86.ActiveCfg = DX9 Release|Win32
		{9E219DF2-315D-478E-8A07-8960C377CE1E}.DX9 Release|x86.Build.0 = DX9 Release|Win32
		{9E219DF2-315D-478E-8A07-8960C377CE1E}.OGL Debug|x64.ActiveCfg = OGL Debug|x64
		{9E219DF2-315D-478E-8A07-8960C377CE1E}.OGL Debug|x64.Build.0 = OGL Debug|x64
		{9E219DF2-315D-478E-8A07-8960C377CE1E}.OGL Debug|x86.ActiveCfg = OGL Debug|Win32
		{9E219DF2-315D-478E-8A07-8960C377CE1E}.OGL Debug|x86.Build.0 = OGL Debug|Win32
		{9E219DF2-315D-478E-8A07-8960C377CE1E}.OGL Release|x64.ActiveCfg = OGL Release|x64
		{9E219DF2-315D-478E-8A07-8960C377CE1E}.OGL Release|x64.Build.0 = OGL Release|x64
		{9E219DF2-315D-478E-8A07-8960C377CE1E}.OGL Release|x86.ActiveCfg = OGL Release|Win32
		{9E219DF2-315D-478E-8A07-8960C377CE1E}.OGL Release|x86.Build.0 = OGL Release|Win32
		{9E219DF2-315D-478E-8A07-8960C377CE1E}.Tools Debug|x64.ActiveCfg = Tools Debug|x64
		{9E219DF2-315D-478E-8A07-8960C377CE1E}.Tools Debug|x64.Build.0 = Tools Debug|x64
		{9E219DF2-315D-478E-8A07-8960C377CE1E}.Tools Debug|x86.ActiveCfg = Tools Debug|Win32
		{9E219DF2-315D-478E-8A07-8960C377CE1E}.Tools Debug|x86.Build.0 = Tools Debug|Win32
		{9E219DF2-315D-478E-8A07-8960C377CE1E}.Tools Release|x64.ActiveCfg = Tools Release|x64
		{9E219DF2-315D-478E-8A07-8960C377CE1E}.Tools Release|x64.Build.0 = Tools Release|x64
		{9E219DF2-315D-478E-8A07-8960C377CE1E}.Tools Release|x86.ActiveCfg = Tools Release|Win32
		{9E219DF2-315D-478E-8A07-8960C377CE1E}.Tools Release|x86.Build.0 = Tools Release|Win32
		{9E219DF2-315D-478E-8A07-8960C377CE1E}.Vulkan Debug|x64.ActiveCfg = Vulkan Debug|x64
		{9E219DF2-315D-478E-8A07-8960C377CE1E}.Vulkan Debug|x64.Build.0 = Vulkan Debug|x64
		{9E219DF2-315D-478E-8A07-8960C377CE1E}.Vulkan Debug|x86.ActiveCfg = Vulkan Debug|Win32
		{9E219DF2-315D-478E-8A07-8960C377CE1E}.Vulkan Debug|x86.Build.0 = Vulkan Debug|Win32
		{9E219DF2-315D-478E-8A07-8960C377CE1E}.Vulkan Release|x64.ActiveCfg = Vulkan Release|x64
		{9E219DF2-315D-478E-8A07-8960C377CE1E}.Vulkan Release|x64.Build.0 = Vulkan Release|x64
		{9E219DF2-315D-478E-8A07-8960C377CE1E}.Vulkan Release|x86.ActiveCfg = Vulkan Release|Win32
		{9E219DF2-315D-478E-8A07-8960C377CE1E}.Vulkan Release|x86.Build.0 = Vulkan Release|Win32
		{A4882463-794C-4E75-B57A-32CC28824B19}.DX11 Debug|x64.ActiveCfg = DX11 Debug|x64
		{A4882463-794C-4E75-B57A-32CC28824B19}.DX11 Debug|x64.Build.0 = DX11 Debug|x64
		{A4882463-794C-4E75-B57A-32CC28824B19}.DX11 Debug|x86.ActiveCfg = DX11 Debug|Win32
		{A4882463-794C-4E75-B57A-32CC28824B19}.DX11 Debug|x86.Build.0 = DX11 Debug|Win32
		{A4882463-794C-4E75-B57A-32CC28824B19}.DX11 Release|x64.ActiveCfg = DX11 Release|x64
		{A4882463-794C-4E75-B57A-32CC28824B19}.DX11 Release|x64.Build.0 = DX11 Release|x64
		{A4882463-794C-4E75-B57A-32CC28824B19}.DX11 Release|x86.ActiveCfg = DX11 Release|Win32
		{A4882463-794C-4E75-B57A-32CC28824B19}.DX11 Release|x86.Build.0 = DX11 Release|Win32
		{A4882463-794C-4E75-B57A-32CC28824B19}.DX9 Debug|x64.ActiveCfg = DX9 Debug|x64
		{A4882463-794C-4E75-B57A-32CC28824B19}.DX9 Debug|x64.Build.0 = DX9 Debug|x64
		{A4882463-794C-4E75-B57A-32CC28824B19}.DX9 Debug|x86.ActiveCfg = DX9 Debug|Win32
		{A4882463-794C-4E75-B57A-32CC28824B19}.DX9 Debug|x86.Build.0 = DX9 Debug|Win32
		{A4882463-794C-4E75-B57A-32CC28824B19}.DX9 Release|x64.ActiveCfg = DX9 Release|x64
		{A4882463-794C-4E75-B57A-32CC28824B19}.DX9 Release|x64.Build.0 = DX9 Release|x64
		{A4882463-794C-4E75-B57A-32CC28824B19}.DX9 Release|x86.ActiveCfg = DX9 Release|Win32
		{A4882463-794C-4E75-B57A-32CC28824B19}.DX9 Release|x86.Build.0 = DX9 Release|Win32
		{A4882463-794C-4E75-B57A-32CC28824B19}.OGL Debug|x64.ActiveCfg = OGL Debug|x64
		{A4882463-794C-4E75-B57A-32CC28824B19}.OGL Debug|x64.Build.0 = OGL Debug|x64
		{A4882463-794C-4E75-B57A-32CC28824B19}.OGL Debug|x86.ActiveCfg = OGL Debug|Win32
		{A4882463-794C-4E75-B57A-32CC28824B19}.OGL Debug|x86.Build.0 = OGL Debug|Win32
		{A4882463-794C-4E75-B57A-32CC28824B19}.OGL Release|x64.ActiveCfg = OGL Release|x64
		{A4882463-794C-4E75-B57A-32CC28824B19}.OGL Release|x64.Build.0 = OGL Release|x64
		{A4882463-794C-4E75-B57A-32CC28824B19}.OGL Release|x86.ActiveCfg = OGL Release|Win32
		{A4882463-794C-4E75-B57A-32CC28824B19}.OGL Release|x86.Build.0 = OGL Release|Win32
		{A4882463-794C-4E75-B57A-32CC28824B19}.Tools Debug|x64.ActiveCfg = Tools Debug|x64
		{A4882463-794C-4E75-B57A-32CC28824B19}.Tools Debug|x64.Build.0 = Tools Debug|x64
		{A4882463-794C-4E75-B57A-32CC28824B19}.Tools Debug|x86.ActiveCfg = Tools Debug|Win32
		{A4882463-794C-4E75-B57A-32CC28824B19}.Tools Debug|x86.Build.0 = Tools Debug|Win32
		{A4882463-794C-4E75-B57A-32CC28824B19}.Tools Release|x64.ActiveCfg = Tools Release|x64
		{A4882463-794C-4E75-B57A-32CC28824B19}.Tools Release|x64.Build.0 = Tools Release|x64
		{A4882463-794C-4E75-B57A-32CC28824B19}.Tools Release|x86.ActiveCfg = Tools Release|Win32
		{A4882463-794C-4E75-B57A-32CC28824B19}.Tools Release|x86.Build.0 = Tools Release|Win32
		{A4882463-794C-4E75-B57A-32CC28824B19}.Vulkan Debug|x64.ActiveCfg = Vulkan Debug|x64
		{A4882463-794C-4E75-B57A-32CC28824B19}.Vulkan Debug|x64.Build.0 = Vulkan Debug|x64
		{A4882463-794C-4E75-B57A-32CC28824B19}.Vulkan Debug|x86.ActiveCfg = Vulkan Debug|Win32
		{A4882463-794C-4E75-B57A-32CC28824B19}.Vulkan Debug|x86.Build.0 = Vulkan Debug|Win32
		{A4882463-794C-4E75-B57A-32CC28824B19}.Vulkan Release|x64.ActiveCfg = Vulkan Release|x64
		{A4882463-794C-4E75-B57A-32CC28824B19}.Vulkan Release|x64.Build.0 = Vulkan Release|x64
		{A4882463-794C-4E75-B57A-32CC28824B19}.Vulkan Release|x86.ActiveCfg = Vulkan Release|Win32
		{A4882463-794C-4E75-B57A-32CC28824B19}.Vulkan Release|x86.Build.0 = Vulkan Release|Win32
		{E98F2547-10C7-4952-AA71-F72A4369A7A5}.DX11 Debug|x64.ActiveCfg = DX11 Debug|x64
		{E98F2547-10C7-4952-AA71-F72A4369A7A5}.DX11 Debug|x64.Build.0 = DX11 Debug|x64
		{E98F2547-10C7-4952-AA71-F72A4369A7A5}.DX11 Debug|x86.ActiveCfg = DX11 Debug|Win32
		{E98F2547-10C7-4952-AA71-F72A4369A7A5}.DX11 Debug|x86.Build.0 = DX11 Debug|Win32
		{E98F2547-10C7-4952-AA71-F72A4369A7A5}.DX11 Release|x64.ActiveCfg = DX11 Release|x64
		{E98F2547-10C7-4952-AA71-F72A4369A7A5}.DX11 Release|x64.Build.0 = DX11 Release|x64
		{E98F2547-10C7-4952-AA71-F72A4369A7A5}.DX11 Release|x86.ActiveCfg = DX11 Release|Win32
		{E98F2547-10C7-4952-AA71-F72A4369A7A5}.DX11 Release|x86.Build.0 = DX11 Release|Win32
		{E98F2547-10C7-4952-AA71-F72A4369A7A5}.DX9 Debug|x64.ActiveCfg = DX9 Debug|x64
		{E98F2547-10C7-4952-AA71-F72A4369A7A5}.DX9 Debug|x64.Build.0 = DX9 Debug|x64
		{E98F2547-10C7-4952-AA71-F72A4369A7A5}.DX9 Debug|x86.ActiveCfg = DX9 Debug|Win32
		{E98F2547-10C7-4952-AA71-F72A4369A7A5}.DX9 Debug|x86.Build.0 = DX9 Debug|Win32
		{E98F2547-10C7-4952-AA71-F72A4369A7A5}.DX9 Release|x64.ActiveCfg = DX9 Release|x64
		{E98F2547-10C7-4952-AA71-F72A4369A7A5}.DX9 Release|x64.Build.0 = DX9 Release|x64
		{E98F2547-10C7-4952-AA71-F72A4369A7A5}.DX9 Release|x86.ActiveCfg = DX9 Release|Win32
		{E98F2547-10C7-4952-AA71-F72A4369A7A5}.DX9 Release|x86.Build.0 = DX9 Release|Win32
		{E98F2547-10C7-4952-AA71-F72A4369A7A5}.OGL Debug|x64.ActiveCfg = OGL Debug|x64
		{E98F2547-10C7-4952-AA71-F72A4369A7A5}.OGL Debug|x64.Build.0 = OGL Debug|x64
		{E98F2547-10C7-4952-AA71-F72A4369A7A5}.OGL Debug|x86.ActiveCfg = OGL Debug|Win32
		{E98F2547-10C7-4952-AA71-F72A4369A7A5}.OGL Debug|x86.Build.0 = OGL Debug|Win32
		{E98F2547-10C7-4952-AA71-F72A4369A7A5}.OGL Release|x64.ActiveCfg = OGL Release|x64
		{E98F2547-10C7-4952-AA71-F72A4369A7A5}.OGL Release|x64.Build.0 = OGL Release|x64
		{E98F2547-10C7-4952-AA71-F72A4369A7A5}.OGL Release|x86.ActiveCfg = OGL Release|Win32
		{E98F2547-10C7-4952-AA71-F72A4369A7A5}.OGL Release|x86.Build.0 = OGL Release|Win32
		{E98F2547-10C7-4952-AA71-F72A4369A7A5}.Tools Debug|x64.ActiveCfg = Tools Debug|x64
		{E98F2547-10C7-4952-AA71-F72A4369A7A5}.Tools Debug|x64.Build.0 = Tools Debug|x64
		{E98F2547-10C7-4952-AA71-F72A4369A7A5}.Tools Debug|x86.ActiveCfg = Tools Debug|Win32
		{E98F2547-10C7-4952-AA71-F72A4369A7A5}.Tools Debug|x86.Build.0 = Tools Debug|Win32
		{E98F2547-10C7-4952-AA71-F72A4369A7A5}.Tools Release|x64.ActiveCfg = Tools Release|x64
		{E98F2547-10C7-4952-AA71-F72A4369A7A5}.Tools Release|x64.Build.0 = Tools Release|x64
		{E98F2547-10C7-4952-AA71-F72A4369A7A5}.Tools Release|x86.ActiveCfg = Tools Release|Win32
		{E98F2547-10C7-4952-AA71-F72A4369A7A5}.Tools Release|x86.Build.0 = Tools Release|Win32
		{E98F2547-10C7-4952-AA71-F72A4369A7A5}.Vulkan Debug|x64.ActiveCfg = Vulkan Debug|x64
		{E98F2547-10C7-4952-AA71-F72A4369A7A5}.Vulkan Debug|x64.Build.0 = Vulkan Debug|x64
		{E98F2547-10C7-4952-AA71-F72A4369A7A5}.Vulkan Debug|x86.ActiveCfg = Vulkan Debug|Win32
		{E98F2547-10C7-4952-AA71-F72A4369A7A5}.Vulkan Debug|x86.Build.0 = Vulkan Debug|Win32
		{E98F2547-10C7-4952-AA71-F72A4369A7A5}.Vulkan Release|x64.ActiveCfg = Vulkan Release|x64
		{E98F2547-10C7-4952-AA71-F72A4369A7A5}.Vulkan Release|x64.Build.0 = Vulkan Release|x64
		{E98F2547-10C7-4952-AA71-F72A4369A7A5}.Vulkan Release|x86.ActiveCfg = Vulkan Release|Win32
		{E98F2547-10C7-4952-AA71-F72A4369A7A5}.Vulkan Release|x86.Build.0 = Vulkan Release|Win32
		{6307F094-4285-4523-982A-2DF4A2A7B0AA}.DX11 Debug|x64.ActiveCfg = DX11 Debug|x64
		{6307F094-4285-4523-982A-2DF4A2A7B0AA}.DX11 Debug|x64.Build.0 = DX11 Debug|x64
		{6307F094-4285-4523-982A-2DF4A2A7B0AA}.DX11 Debug|x86.ActiveCfg = DX11 Debug|Win32
		{6307F094-4285-4523-982A-2DF4A2A7B0AA}.DX11 Debug|x86.Build.0 = DX11 Debug|Win32
		{6307F094-4285-4523-982A-2DF4A2A7B0AA}.DX11 Release|x64.ActiveCfg = DX11 Release|x64
		{6307F094-4285-4523-982A-2DF4A2A7B0AA}.DX11 Release|x64.Build.0 = DX11 Release|x64
		{6307F094-4285-4523-982A-2DF4A2A7B0AA}.DX11 Release|x86.ActiveCfg = DX11 Release|Win32
		{6307F094-4285-4523-982A-2DF4A2A7B0AA}.DX11 Release|x86.Build.0 = DX11 Release|Win32
		{6307F094-4285-4523-982A-2DF4A2A7B0AA}.DX9 Debug|x64.ActiveCfg = DX9 Debug|x64
		{6307F094-4285-4523-982A-2DF4A2A7B0AA}.DX9 Debug|x64.Build.0 = DX9 Debug|x64
		{6307F094-4285-4523-982A-2DF4A2A7B0AA}.DX9 Debug|x86.ActiveCfg = DX9 Debug|Win32
		{6307F094-4285-4523-982A-2DF4A2A7B0AA}.DX9 Debug|x86.Build.0 = DX9 Debug|Win32
		{6307F094-4285-4523-982A-2DF4A2A7B0AA}.DX9 Release|x64.ActiveCfg = DX9 Release|x64
		{6307F094-4285-4523-982A-2DF4A2A7B0AA}.DX9 Release|x64.Build.0 = DX9 Release|x64
		{6307F094-4285-4523-982A-2DF4A2A7B0AA}.DX9 Release|x86.ActiveCfg = DX9 Release|Win32
		{6307F094-4285-4523-982A-2DF4A2A7B0AA}.DX9 Release|x86.Build.0 = DX9 Release|Win32
		{6307F094-4285-4523-982A-2DF4A2A7B0AA}.OGL Debug|x64.ActiveCfg = OGL Debug|x64
		{6307F094-4285-4523-982A-2DF4A2A7B0AA}.OGL Debug|x64.Build.0 = OGL Debug|x64
		{6307F094-4285-4523-982A-2DF4A2A7B0AA}.OGL Debug|x86.ActiveCfg = OGL Debug|Win32
		{6307F094-4285-4523-982A-2DF4A2A7B0AA}.OGL Debug|x86.Build.0 = OGL Debug|Win32
		{6307F094-4285-4523-982A-2DF4A2A7B0AA}.OGL Release|x64.ActiveCfg = OGL Release|x64
		{6307F094-4285-4523-982A-2DF4A2A7B0AA}.OGL Release|x64.Build.0 = OGL Release|x64
		{6307F094-4285-4523-982A-2DF4A2A7B0AA}.OGL Release|x86.ActiveCfg = OGL Release|Win32
		{6307F094-4285-4523-982A-2DF4A2A7B0AA}.OGL Release|x86.Build.0 = OGL Release|Win32
		{6307F094-4285-4523-982A-2DF4A2A7B0AA}.Tools Debug|x64.ActiveCfg = Tools Debug|x64
		{6307F094-4285-4523-982A-2DF4A2A7B0AA}.Tools Debug|x64.Build.0 = Tools Debug|x64
		{6307F094-4285-4523-982A-2DF4A2A7B0AA}.Tools Debug|x86.ActiveCfg = Tools Debug|Win32
		{6307F094-4285-4523-982A-2DF4A2A7B0AA}.Tools Debug|x86.Build.0 = Tools Debug|Win32
		{6307F094-4285-4523-982A-2DF4A2A7B0AA}.Tools Release|x64.ActiveCfg = Tools Release|x64
		{6307F094-4285-4523-982A-2DF4A2A7B0AA}.Tools Release|x64.Build.0 = Tools Release|x64
		{6307F094-4285-4523-982A-2DF4A2A7B0AA}.Tools Release|x86.ActiveCfg = Tools Release|Win32
		{6307F094-4285-4523-982A-2DF4A2A7B0AA}.Tools Release|x86.Build.0 = Tools Release|Win32
		{6307F094-4285-4523-982A-2DF4A2A7B0AA}.Vulkan Debug|x64.ActiveCfg = Vulkan Debug|x64
		{6307F094-4285-4523-982A-2DF4A2A7B0AA}.Vulkan Debug|x64.Build.0 = Vulkan Debug|x64
		{6307F094-4285-4523-982A-2DF4A2A7B0AA}.Vulkan Debug|x86.ActiveCfg = Vulkan Debug|Win32
		{6307F094-4285-4523-982A-2DF4A2A7B0AA}.Vulkan Debug|x86.Build.0 = Vulkan Debug|Win32
		{6307F094-4285-4523-982A-2DF4A2A7B0AA}.Vulkan Release|x64.ActiveCfg = Vulkan Release|x64
		{6307F094-4285-4523-982A-2DF4A2A7B0AA}.Vulkan Release|x64.Build.0 = Vulkan Release|x64
		{6307F094-4285-4523-982A-2DF4A2A7B0AA}.Vulkan Release|x86.ActiveCfg = Vulkan Release|Win32
		{6307F094-4285-4523-982A-2DF4A2A7B0AA}.Vulkan Release|x86.Build.0 = Vulkan Release|Win32
		{7A751BF4-D6CE-41D0-BD13-637F5020B1FA}.DX11 Debug|x64.ActiveCfg = DX11 Debug|x64
		{7A751BF4-D6CE-41D0-BD13-637F5020B1FA}.DX11 Debug|x64.Build.0 = DX11 Debug|x64
		{7A751BF4-D6CE-41D0-BD13-637F5020B1FA}.DX11 Debug|x86.ActiveCfg = DX11 Debug|Win32
		{7A751BF4-D6CE-41D0-BD13-637F5020B1FA}.DX11 Debug|x86.Build.0 = DX11 Debug|Win32
		{7A751BF4-D6CE-41D0-BD13-637F5020B1FA}.DX11 Release|x64.ActiveCfg = DX11 Release|x64
		{7A751BF4-D6CE-41D0-BD13-637F5020B1FA}.DX11 Release|x64.Build.0 = DX11 Release|x64
		{7A751BF4-D6CE-41D0-BD13-637F5020B1FA}.DX11 Release|x86.ActiveCfg = DX11 Release|Win32
		{7A751BF4-D6CE-41D0-BD13-637F5020B1FA}.DX11 Release|x86.Build.0 = DX11 Release|Win32
		{7A751BF4-D6CE-41D0-BD13-637F5020B1FA}.DX9 Debug|x64.ActiveCfg = DX9 Debug|x64
		{7A751BF4-D6CE-41D0-BD13-637F5020B1FA}.DX9 Debug|x64.Build.0 = DX9 Debug|x64
		{7A751BF4-D6CE-41D0-BD13-637F5020B1FA}.DX9 Debug|x86.ActiveCfg = DX9 Debug|Win32
		{7A751BF4-D6CE-41D0-BD13-637F5020B1FA}.DX9 Debug|x86.Build.0 = DX9 Debug|Win32
		{7A751BF4-D6CE-41D0-BD13-637F5020B1FA}.DX9 Release|x64.ActiveCfg = DX9 Release|x64
		{7A751BF4-D6CE-41D0-BD13-637F5020B1FA}.DX9 Release|x64.Build.0 = DX9 Release|x64
		{7A751BF4-D6CE-41D0-BD13-637F5020B1FA}.DX9 Release|x86.ActiveCfg = DX9 Release|Win32
		{7A751BF4-D6CE-41D0-BD13-637F5020B1FA}.DX9 Release|x86.Build.0 = DX9 Release|Win32
		{7A751BF4-D6CE-41D0-BD13-637F5020B1FA}.OGL Debug|x64.ActiveCfg = OGL Debug|x64
		{7A751BF4-D6CE-41D0-BD13-637F5020B1FA}.OGL Debug|x64.Build.0 = OGL Debug|x64
		{7A751BF4-D6CE-41D0-BD13-637F5020B1FA}.OGL Debug|x86.ActiveCfg = OGL Debug|Win32
		{7A751BF4-D6CE-41D0-BD13-637F5020B1FA}.OGL Debug|x86.Build.0 = OGL Debug|Win32
		{7A751BF4-D6CE-41D0-BD13-637F5020B1FA}.OGL Release|x64.ActiveCfg = OGL Release|x64
		{7A751BF4-D6CE-41D0-BD13-637F5020B1FA}.OGL Release|x64.Build.0 = OGL Release|x64
		{7A751BF4-D6CE-41D0-BD13-637F5020B1FA}.OGL Release|x86.ActiveCfg = OGL Release|Win32
		{7A751BF4-D6CE-41D0-BD13-637F5020B1FA}.OGL Release|x86.Build.0 = OGL Release|Win32
		{7A751BF4-D6CE-41D0-BD13-637F5020B1FA}.Tools Debug|x64.ActiveCfg = Tools Debug|x64
		{7A751BF4-D6CE-41D0-BD13-637F5020B1FA}.Tools Debug|x64.Build.0 = Tools Debug|x64
		{7A751BF4-D6CE-41D0-BD13-637F5020B1FA}.Tools Debug|x86.ActiveCfg = Tools Debug|Win32
		{7A751BF4-D6CE-41D0-BD13-637F5020B1FA}.Tools Debug|x86.Build.0 = Tools Debug|Win32
		{7A751BF4-D6CE-41D0-BD13-637F5020B1FA}.Tools Release|x64.ActiveCfg = Tools Release|x64
		{7A751BF4-D6CE-41D0-BD13-637F5020B1FA}.Tools Release|x64.Build.0 = Tools Release|x64
		{7A751BF4-D6CE-41D0-BD13-637F5020B1FA}.Tools Release|x86.ActiveCfg = Tools Release|Win32
		{7A751BF4-D6CE-41D0-BD13-637F5020B1FA}.Tools Release|x86.Build.0 = Tools Release|Win32
		{7A751BF4-D6CE-41D0-BD13-637F5020B1FA}.Vulkan Debug|x64.ActiveCfg = Vulkan Debug|x64
		{7A751BF4-D6CE-41D0-BD13-637F5020B1FA}.Vulkan Debug|x64.Build.0 = Vulkan Debug|x64
		{7A751BF4-D6CE-41D0-BD13-637F5020B1FA}.Vulkan Debug|x86.ActiveCfg = Vulkan Debug|Win32
		{7A751BF4-D6CE-41D0-BD13-637F5020B1FA}.Vulkan Debug|x86.Build.0 = Vulkan Debug|Win32
		{7A751BF4-D6CE-41D0-BD13-637F5020B1FA}.Vulkan Release|x64.ActiveCfg = Vulkan Release|x64
		{7A751BF4-D6CE-41D0-BD13-637F5020B1FA}.Vulkan Release|x64.Build.0 = Vulkan Release|x64
		{7A751BF4-D6CE-41D0-BD13-637F5020B1FA}.Vulkan Release|x86.ActiveCfg = Vulkan Release|Win32
		{7A751BF4-D6CE-41D0-BD13-637F5020B1FA}.Vulkan Release|x86.Build.0 = Vulkan Release|Win32
		{794565D2-DE07-40C1-84A4-72B7E93B71E8}.DX11 Debug|x64.ActiveCfg = DX11 Debug|x64
		{794565D2-DE07-40C1-84A4-72B7E93B71E8}.DX11 Debug|x64.Build.0 = DX11 Debug|x64
		{794565D2-DE07-40C1-84A4-72B7E93B71E8}.DX11 Debug|x86.ActiveCfg = DX11 Debug|Win32
		{794565D2-DE07-40C1-84A4-72B7E93B71E8}.DX11 Debug|x86.Build.0 = DX11 Debug|Win32
		{794565D2-DE07-40C1-84A4-72B7E93B71E8}.DX11 Release|x64.ActiveCfg = DX11 Release|x64
		{794565D2-DE07-40C1-84A4-72B7E93B71E8}.DX11 Release|x64.Build.0 = DX11 Release|x64
		{794565D2-DE07-40C1-84A4-72B7E93B71E8}.DX11 Release|x86.ActiveCfg = DX11 Release|Win32
		{794565D2-DE07-40C1-84A4-72B7E93B71E8}.DX11 Release|x86.Build.0 = DX11 Release|Win32
		{794565D2-DE07-40C1-84A4-72B7E93B71E8}.DX9 Debug|x64.ActiveCfg = DX9 Debug|x64
		{794565D2-DE07-40C1-84A4-72B7E93B71E8}.DX9 Debug|x64.Build.0 = DX9 Debug|x64
		{794565D2-DE07-40C1-84A4-72B7E93B71E8}.DX9 Debug|x86.ActiveCfg = DX9 Debug|Win32
		{794565D2-DE07-40C1-84A4-72B7E93B71E8}.DX9 Debug|x86.Build.0 = DX9 Debug|Win32
		{794565D2-DE07-40C1-84A4-72B7E93B71E8}.DX9 Release|x64.ActiveCfg = DX9 Release|x64
		{794565D2-DE07-40C1-84A4-72B7E93B71E8}.DX9 Release|x64.Build.0 = DX9 Release|x64
		{794565D2-DE07-40C1-84A4-72B7E93B71E8}.DX9 Release|x86.ActiveCfg = DX9 Release|Win32
		{794565D2-DE07-40C1-84A4-72B7E93B71E8}.DX9 Release|x86.Build.0 = DX9 Release|Win32
		{794565D2-DE07-40C1-84A4-72B7E93B71E8}.OGL Debug|x64.ActiveCfg = OGL Debug|x64
		{794565D2-DE07-40C1-84A4-72B7E93B71E8}.OGL Debug|x64.Build.0 = OGL Debug|x64
		{794565D2-DE07-40C1-84A4-72B7E93B71E8}.OGL Debug|x86.ActiveCfg = OGL Debug|Win32
		{794565D2-DE07-40C1-84A4-72B7E93B71E8}.OGL Debug|x86.Build.0 = OGL Debug|Win32
		{794565D2-DE07-40C1-84A4-72B7E93B71E8}.OGL Release|x64.ActiveCfg = OGL Release|x64
		{794565D2-DE07-40C1-84A4-72B7E93B71E8}.OGL Release|x64.Build.0 = OGL Release|x64
		{794565D2-DE07-40C1-84A4-72B7E93B71E8}.OGL Release|x86.ActiveCfg = OGL Release|Win32
		{794565D2-DE07-40C1-84A4-72B7E93B71E8}.OGL Release|x86.Build.0 = OGL Release|Win32
		{794565D2-DE07-40C1-84A4-72B7E93B71E8}.Tools Debug|x64.ActiveCfg = Tools Debug|x64
		{794565D2-DE07-40C1-84A4-72B7E93B71E8}.Tools Debug|x64.Build.0 = Tools Debug|x64
		{794565D2-DE07-40C1-84A4-72B7E93B71E8}.Tools Debug|x86.ActiveCfg = Tools Debug|Win32
		{794565D2-DE07-40C1-84A4-72B7E93B71E8}.Tools Debug|x86.Build.0 = Tools Debug|Win32
		{794565D2-DE07-40C1-84A4-72B7E93B71E8}.Tools Release|x64.ActiveCfg = Tools Release|x64
		{794565D2-DE07-40C1-84A4-72B7E93B71E8}.Tools Release|x64.Build.0 = Tools Release|x64
		{794565D2-DE07-40C1-84A4-72B7E93B71E8}.Tools Release|x86.ActiveCfg = Tools Release|Win32
		{794565D2-DE07-40C1-84A4-72B7E93B71E8}.Tools Release|x86.Build.0 = Tools Release|Win32
		{794565D2-DE07-40C1-84A4-72B7E93B71E8}.Vulkan Debug|x64.ActiveCfg = Vulkan Debug|x64
		{794565D2-DE07-40C1-84A4-72B7E93B71E8}.Vulkan Debug|x64.Build.0 = Vulkan Debug|x64
		{794565D2-DE07-40C1-84A4-72B7E93B71E8}.Vulkan Debug|x86.ActiveCfg = Vulkan Debug|Win32
		{794565D2-DE07-40C1-84A4-72B7E93B71E8}.Vulkan Debug|x86.Build.0 = Vulkan Debug|Win32
		{794565D2-DE07-40C1-84A4-72B7E93B71E8}.Vulkan Release|x64.ActiveCfg = Vulkan Release|x64
		{794565D2-DE07-40C1-84A4-72B7E93B71E8}.Vulkan Release|x64.Build.0 = Vulkan Release|x64
		{794565D2-DE07-40C1-84A4-72B7E93B71E8}.Vulkan Release|x86.ActiveCfg = Vulkan Release|Win32
		{794565D2-DE07-40C1-84A4-72B7E93B71E8}.Vulkan Release|x86.Build.0 = Vulkan Release|Win32
		{AAA6A29A-531B-4201-859C-486B081D6617}.DX11 Debug|x64.ActiveCfg = DX11 Debug|x64
		{AAA6A29A-531B-4201-859C-486B081D6617}.DX11 Debug|x64.Build.0 = DX11 Debug|x64
		{AAA6A29A-531B-4201-859C-486B081D6617}.DX11 Debug|x86.ActiveCfg = DX11 Debug|Win32
		{AAA6A29A-531B-4201-859C-486B081D6617}.DX11 Debug|x86.Build.0 = DX11 Debug|Win32
		{AAA6A29A-531B-4201-859C-486B081D6617}.DX11 Release|x64.ActiveCfg = DX11 Release|x64
		{AAA6A29A-531B-4201-859C-486B081D6617}.DX11 Release|x64.Build.0 = DX11 Release|x64
		{AAA6A29A-531B-4201-859C-486B081D6617}.DX11 Release|x86.ActiveCfg = DX11 Release|Win32
		{AAA6A29A-531B-4201-859C-486B081D6617}.DX11 Release|x86.Build.0 = DX11 Release|Win32
		{AAA6A29A-531B-4201-859C-486B081D6617}.DX9 Debug|x64.ActiveCfg = DX9 Debug|x64
		{AAA6A29A-531B-4201-859C-486B081D6617}.DX9 Debug|x64.Build.0 = DX9 Debug|x64
		{AAA6A29A-531B-4201-859C-486B081D6617}.DX9 Debug|x86.ActiveCfg = DX9 Debug|Win32
		{AAA6A29A-531B-4201-859C-486B081D6617}.DX9 Debug|x86.Build.0 = DX9 Debug|Win32
		{AAA6A29A-531B-4201-859C-486B081D6617}.DX9 Release|x64.ActiveCfg = DX9 Release|x64
		{AAA6A29A-531B-4201-859C-486B081D6617}.DX9 Release|x64.Build.0 = DX9 Release|x64
		{AAA6A29A-531B-4201-859C-486B081D6617}.DX9 Release|x86.ActiveCfg = DX9 Release|Win32
		{AAA6A29A-531B-4201-859C-486B081D6617}.DX9 Release|x86.Build.0 = DX9 Release|Win32
		{AAA6A29A-531B-4201-859C-486B081D6617}.OGL Debug|x64.ActiveCfg = OGL Debug|x64
		{AAA6A29A-531B-4201-859C-486B081D6617}.OGL Debug|x64.Build.0 = OGL Debug|x64
		{AAA6A29A-531B-4201-859C-486B081D6617}.OGL Debug|x86.ActiveCfg = OGL Debug|Win32
		{AAA6A29A-531B-4201-859C-486B081D6617}.OGL Debug|x86.Build.0 = OGL Debug|Win32
		{AAA6A29A-531B-4201-859C-486B081D6617}.OGL Release|x64.ActiveCfg = OGL Release|x64
		{AAA6A29A-531B-4201-859C-486B081D6617}.OGL Release|x64.Build.0 = OGL Release|x64
		{AAA6A29A-531B-4201-859C-486B081D6617}.OGL Release|x86.ActiveCfg = OGL Release|Win32
		{AAA6A29A-531B-4201-859C-486B081D6617}.OGL Release|x86.Build.0 = OGL Release|Win32
		{AAA6A29A-531B-4201-859C-486B081D6617}.Tools Debug|x64.ActiveCfg = Tools Debug|x64
		{AAA6A29A-531B-4201-859C-486B081D6617}.Tools Debug|x64.Build.0 = Tools Debug|x64
		{AAA6A29A-531B-4201-859C-486B081D6617}.Tools Debug|x86.ActiveCfg = Tools Debug|Win32
		{AAA6A29A-531B-4201-859C-486B081D6617}.Tools Debug|x86.Build.0 = Tools Debug|Win32
		{AAA6A29A-531B-4201-859C-486B081D6617}.Tools Release|x64.ActiveCfg = Tools Release|x64
		{AAA6A29A-531B-4201-859C-486B081D6617}.Tools Release|x64.Build.0 = Tools Release|x64
		{AAA6A29A-531B-4201-859C-486B081D6617}.Tools Release|x86.ActiveCfg = Tools Release|Win32
		{AAA6A29A-531B-4201-859C-486B081D6617}.Tools Release|x86.Build.0 = Tools Release|Win32
		{AAA6A29A-531B-4201-859C-486B081D6617}.Vulkan Debug|x64.ActiveCfg = Vulkan Debug|x64
		{AAA6A29A-531B-4201-859C-486B081D6617}.Vulkan Debug|x64.Build.0 = Vulkan Debug|x64
		{AAA6A29A-531B-4201-859C-486B081D6617}.Vulkan Debug|x86.ActiveCfg = Vulkan Debug|Win32
		{AAA6A29A-531B-4201-859C-486B081D6617}.Vulkan Debug|x86.Build.0 = Vulkan Debug|Win32
		{AAA6A29A-531B-4201-859C-486B081D6617}.Vulkan Release|x64.ActiveCfg = Vulkan Release|x64
		{AAA6A29A-531B-4201-859C-486B081D6617}.Vulkan Release|x64.Build.0 = Vulkan Release|x64
		{AAA6A29A-531B-4201-859C-486B081D6617}.Vulkan Release|x86.ActiveCfg = Vulkan Release|Win32
		{AAA6A29A-531B-4201-859C-486B081D6617}.Vulkan Release|x86.Build.0 = Vulkan Release|Win32
		{03AB108B-6F06-46D4-B8F8-D94A1AE13A07}.DX11 Debug|x64.ActiveCfg = DX11 Debug|x64
		{03AB108B-6F06-46D4-B8F8-D94A1AE13A07}.DX11 Debug|x64.Build.0 = DX11 Debug|x64
		{03AB108B-6F06-46D4-B8F8-D94A1AE13A07}.DX11 Debug|x86.ActiveCfg = DX11 Debug|Win32
		{03AB108B-6F06-46D4-B8F8-D94A1AE13A07}.DX11 Debug|x86.Build.0 = DX11 Debug|Win32
		{03AB108B-6F06-46D4-B8F8-D94A1AE13A07}.DX11 Release|x64.ActiveCfg = DX11 Release|x64
		{03AB108B-6F06-46D4-B8F8-D94A1AE13A07}.DX11 Release|x64.Build.0 = DX11 Release|x64
		{03AB108B-6F06-46D4-B8F8-D94A1AE13A07}.DX11 Release|x86.ActiveCfg = DX11 Release|Win32
		{03AB108B-6F06-46D4-B8F8-D94A1AE13A07}.DX11 Release|x86.Build.0 = DX11 Release|Win32
		{03AB108B-6F06-46D4-B8F8-D94A1AE13A07}.DX9 Debug|x64.ActiveCfg = DX9 Debug|x64
		{03AB108B-6F06-46D4-B8F8-D94A1AE13A07}.DX9 Debug|x64.Build.0 = DX9 Debug|x64
		{03AB108B-6F06-46D4-B8F8-D94A1AE13A07}.DX9 Debug|x86.ActiveCfg = DX9 Debug|Win32
		{03AB108B-6F06-46D4-B8F8-D94A1AE13A07}.DX9 Debug|x86.Build.0 = DX9 Debug|Win32
		{03AB108B-6F06-46D4-B8F8-D94A1AE13A07}.DX9 Release|x64.ActiveCfg = DX9 Release|x64
		{03AB108B-6F06-46D4-B8F8-D94A1AE13A07}.DX9 Release|x64.Build.0 = DX9 Release|x64
		{03AB108B-6F06-46D4-B8F8-D94A1AE13A07}.DX9 Release|x86.ActiveCfg = DX9 Release|Win32
		{03AB108B-6F06-46D4-B8F8-D94A1AE13A07}.DX9 Release|x86.Build.0 = DX9 Release|Win32
		{03AB108B-6F06-46D4-B8F8-D94A1AE13A07}.OGL Debug|x64.ActiveCfg = OGL Debug|x64
		{03AB108B-6F06-46D4-B8F8-D94A1AE13A07}.OGL Debug|x64.Build.0 = OGL Debug|x64
		{03AB108B-6F06-46D4-B8F8-D94A1AE13A07}.OGL Debug|x86.ActiveCfg = OGL Debug|Win32
		{03AB108B-6F06-46D4-B8F8-D94A1AE13A07}.OGL Debug|x86.Build.0 = OGL Debug|Win32
		{03AB108B-6F06-46D4-B8F8-D94A1AE13A07}.OGL Release|x64.ActiveCfg = OGL Release|x64
		{03AB108B-6F06-46D4-B8F8-D94A1AE13A07}.OGL Release|x64.Build.0 = OGL Release|x64
		{03AB108B-6F06-46D4-B8F8-D94A1AE13A07}.OGL Release|x86.ActiveCfg = OGL Release|Win32
		{03AB108B-6F06-46D4-B8F8-D94A1AE13A07}.OGL Release|x86.Build.0 = OGL Release|Win32
		{03AB108B-6F06-46D4-B8F8-D94A1AE13A07}.Tools Debug|x64.ActiveCfg = Tools Debug|x64
		{03AB108B-6F06-46D4-B8F8-D94A1AE13A07}.Tools Debug|x64.Build.0 = Tools Debug|x64
		{03AB108B-6F06-46D4-B8F8-D94A1AE13A07}.Tools Debug|x86.ActiveCfg = Tools Debug|Win32
		{03AB108B-6F06-46D4-B8F8-D94A1AE13A07}.Tools Debug|x86.Build.0 = Tools Debug|Win32
		{03AB108B-6F06-46D4-B8F8-D94A1AE13A07}.Tools Release|x64.ActiveCfg = Tools Release|x64
		{03AB108B-6F06-46D4-B8F8-D94A1AE13A07}.Tools Release|x64.Build.0 = Tools Release|x64
		{03AB108B-6F06-46D4-B8F8-D94A1AE13A07}.Tools Release|x86.ActiveCfg = Tools Release|Win32
		{03AB108B-6F06-46D4-B8F8-D94A1AE13A07}.Tools Release|x86.Build.0 = Tools Release|Win32
		{03AB108B-6F06-46D4-B8F8-D94A1AE13A07}.Vulkan Debug|x64.ActiveCfg = Vulkan Debug|x64
		{03AB108B-6F06-46D4-B8F8-D94A1AE13A07}.Vulkan Debug|x64.Build.0 = Vulkan Debug|x64
		{03AB108B-6F06-46D4-B8F8-D94A1AE13A07}.Vulkan Debug|x86.ActiveCfg = Vulkan Debug|Win32
		{03AB108B-6F06-46D4-B8F8-D94A1AE13A07}.Vulkan Debug|x86.Build.0 = Vulkan Debug|Win32
		{03AB108B-6F06-46D4-B8F8-D94A1AE13A07}.Vulkan Release|x64.ActiveCfg = Vulkan Release|x64
		{03AB108B-6F06-46D4-B8F8-D94A1AE13A07}.Vulkan Release|x64.Build.0 = Vulkan Release|x64
		{03AB108B-6F06-46D4-B8F8-D94A1AE13A07}.Vulkan Release|x86.ActiveCfg = Vulkan Release|Win32
		{03AB108B-6F06-46D4-B8F8-D94A1AE13A07}.Vulkan Release|x86.Build.0 = Vulkan Release|Win32
		{18AB3002-5FB3-48A3-8EDE-7FE071B0AF0F}.DX11 Debug|x64.ActiveCfg = DX11 Debug|x64
		{18AB3002-5FB3-48A3-8EDE-7FE071B0AF0F}.DX11 Debug|x64.Build.0 = DX11 Debug|x64
		{18AB3002-5FB3-48A3-8EDE-7FE071B0AF0F}.DX11 Debug|x86.ActiveCfg = DX11 Debug|Win32
		{18AB3002-5FB3-48A3-8EDE-7FE071B0AF0F}.DX11 Debug|x86.Build.0 = DX11 Debug|Win32
		{18AB3002-5FB3-48A3-8EDE-7FE071B0AF0F}.DX11 Release|x64.ActiveCfg = DX11 Release|x64
		{18AB3002-5FB3-48A3-8EDE-7FE071B0AF0F}.DX11 Release|x64.Build.0 = DX11 Release|x64
		{18AB3002-5FB3-48A3-8EDE-7FE071B0AF0F}.DX11 Release|x86.ActiveCfg = DX11 Release|Win32
		{18AB3002-5FB3-48A3-8EDE-7FE071B0AF0F}.DX11 Release|x86.Build.0 = DX11 Release|Win32
		{18AB3002-5FB3-48A3-8EDE-7FE071B0AF0F}.DX9 Debug|x64.ActiveCfg = DX9 Debug|x64
		{18AB3002-5FB3-48A3-8EDE-7FE071B0AF0F}.DX9 Debug|x64.Build.0 = DX9 Debug|x64
		{18AB3002-5FB3-48A3-8EDE-7FE071B0AF0F}.DX9 Debug|x86.ActiveCfg = DX9 Debug|Win32
		{18AB3002-5FB3-48A3-8EDE-7FE071B0AF0F}.DX9 Debug|x86.Build.0 = DX9 Debug|Win32
		{18AB3002-5FB3-48A3-8EDE-7FE071B0AF0F}.DX9 Release|x64.ActiveCfg = DX9 Release|x64
		{18AB3002-5FB3-48A3-8EDE-7FE071B0AF0F}.DX9 Release|x64.Build.0 = DX9 Release|x64
		{18AB3002-5FB3-48A3-8EDE-7FE071B0AF0F}.DX9 Release|x86.ActiveCfg = DX9 Release|Win32
		{18AB3002-5FB3-48A3-8EDE-7FE071B0AF0F}.DX9 Release|x86.Build.0 = DX9 Release|Win32
		{18AB3002-5FB3-48A3-8EDE-7FE071B0AF0F}.OGL Debug|x64.ActiveCfg = OGL Debug|x64
		{18AB3002-5FB3-48A3-8EDE-7FE071B0AF0F}.OGL Debug|x64.Build.0 = OGL Debug|x64
		{18AB3002-5FB3-48A3-8EDE-7FE071B0AF0F}.OGL Debug|x86.ActiveCfg = OGL Debug|Win32
		{18AB3002-5FB3-48A3-8EDE-7FE071B0AF0F}.OGL Debug|x86.Build.0 = OGL Debug|Win32
		{18AB3002-5FB3-48A3-8EDE-7FE071B0AF0F}.OGL Release|x64.ActiveCfg = OGL Release|x64
		{18AB3002-5FB3-48A3-8EDE-7FE071B0AF0F}.OGL Release|x64.Build.0 = OGL Release|x64
		{18AB3002-5FB3-48A3-8EDE-7FE071B0AF0F}.OGL Release|x86.ActiveCfg = OGL Release|Win32
		{18AB3002-5FB3-48A3-8EDE-7FE071B0AF0F}.OGL Release|x86.Build.0 = OGL Release|Win32
		{18AB3002-5FB3-48A3-8EDE-7FE071B0AF0F}.Tools Debug|x64.ActiveCfg = Tools Debug|x64
		{18AB3002-5FB3-48A3-8EDE-7FE071B0AF0F}.Tools Debug|x64.Build.0 = Tools Debug|x64
		{18AB3002-5FB3-48A3-8EDE-7FE071B0AF0F}.Tools Debug|x86.ActiveCfg = Tools Debug|Win32
		{18AB3002-5FB3-48A3-8EDE-7FE071B0AF0F}.Tools Debug|x86.Build.0 = Tools Debug|Win32
		{18AB3002-5FB3-48A3-8EDE-7FE071B0AF0F}.Tools Release|x64.ActiveCfg = Tools Release|x64
		{18AB3002-5FB3-48A3-8EDE-7FE071B0AF0F}.Tools Release|x64.Build.0 = Tools Release|x64
		{18AB3002-5FB3-48A3-8EDE-7FE071B0AF0F}.Tools Release|x86.ActiveCfg = Tools Release|Win32
		{18AB3002-5FB3-48A3-8EDE-7FE071B0AF0F}.Tools Release|x86.Build.0 = Tools Release|Win32
		{18AB3002-5FB3-48A3-8EDE-7FE071B0AF0F}.Vulkan Debug|x64.ActiveCfg = Vulkan Debug|x64
		{18AB3002-5FB3-48A3-8EDE-7FE071B0AF0F}.Vulkan Debug|x64.Build.0 = Vulkan Debug|x64
		{18AB3002-5FB3-48A3-8EDE-7FE071B0AF0F}.Vulkan Debug|x86.ActiveCfg = Vulkan Debug|Win32
		{18AB3002-5FB3-48A3-8EDE-7FE071B0AF0F}.Vulkan Debug|x86.Build.0 = Vulkan Debug|Win32
		{18AB3002-5FB3-48A3-8EDE-7FE071B0AF0F}.Vulkan Release|x64.ActiveCfg = Vulkan Release|x64
		{18AB3002-5FB3-48A3-8EDE-7FE071B0AF0F}.Vulkan Release|x64.Build.0 = Vulkan Release|x64
		{18AB3002-5FB3-48A3-8EDE-7FE071B0AF0F}.Vulkan Release|x86.ActiveCfg = Vulkan Release|Win32
		{18AB3002-5FB3-48A3-8EDE-7FE071B0AF0F}.Vulkan Release|x86.Build.0 = Vulkan Release|Win32
		{AC490B7A-804A-43E5-BD36-1A36E5F99535}.DX11 Debug|x64.ActiveCfg = DX11 Debug|x64
		{AC490B7A-804A-43E5-BD36-1A36E5F99535}.DX11 Debug|x64.Build.0 = DX11 Debug|x64
		{AC490B7A-804A-43E5-BD36-1A36E5F99535}.DX11 Debug|x86.ActiveCfg = DX11 Debug|Win32
		{AC490B7A-804A-43E5-BD36-1A36E5F99535}.DX11 Debug|x86.Build.0 = DX11 Debug|Win32
		{AC490B7A-804A-43E5-BD36-1A36E5F99535}.DX11 Release|x64.ActiveCfg = DX11 Release|x64
		{AC490B7A-804A-43E5-BD36-1A36E5F99535}.DX11 Release|x64.Build.0 = DX11 Release|x64
		{AC490B7A-804A-43E5-BD36-1A36E5F99535}.DX11 Release|x86.ActiveCfg = DX11 Release|Win32
		{AC490B7A-804A-43E5-BD36-1A36E5F99535}.DX11 Release|x86.Build.0 = DX11 Release|Win32
		{AC490B7A-804A-43E5-BD36-1A36E5F99535}.DX9 Debug|x64.ActiveCfg = DX9 Debug|x64
		{AC490B7A-804A-43E5-BD36-1A36E5F99535}.DX9 Debug|x64.Build.0 = DX9 Debug|x64
		{AC490B7A-804A-43E5-BD36-1A36E5F99535}.DX9 Debug|x86.ActiveCfg = DX9 Debug|Win32
		{AC490B7A-804A-43E5-BD36-1A36E5F99535}.DX9 Debug|x86.Build.0 = DX9 Debug|Win32
		{AC490B7A-804A-43E5-BD36-1A36E5F99535}.DX9 Release|x64.ActiveCfg = DX9 Release|x64
		{AC490B7A-804A-43E5-BD36-1A36E5F99535}.DX9 Release|x64.Build.0 = DX9 Release|x64
		{AC490B7A-804A-43E5-BD36-1A36E5F99535}.DX9 Release|x86.ActiveCfg = DX9 Release|Win32
		{AC490B7A-804A-43E5-BD36-1A36E5F99535}.DX9 Release|x86.Build.0 = DX9 Release|Win32
		{AC490B7A-804A-43E5-BD36-1A36E5F99535}.OGL Debug|x64.ActiveCfg = OGL Debug|x64
		{AC490B7A-804A-43E5-BD36-1A36E5F99535}.OGL Debug|x64.Build.0 = OGL Debug|x64
		{AC490B7A-804A-43E5-BD36-1A36E5F99535}.OGL Debug|x86.ActiveCfg = OGL Debug|Win32
		{AC490B7A-804A-43E5-BD36-1A36E5F99535}.OGL Debug|x86.Build.0 = OGL Debug|Win32
		{AC490B7A-804A-43E5-BD36-1A36E5F99535}.OGL Release|x64.ActiveCfg = OGL Release|x64
		{AC490B7A-804A-43E5-BD36-1A36E5F99535}.OGL Release|x64.Build.0 = OGL Release|x64
		{AC490B7A-804A-43E5-BD36-1A36E5F99535}.OGL Release|x86.ActiveCfg = OGL Release|Win32
		{AC490B7A-804A-43E5-BD36-1A36E5F99535}.OGL Release|x86.Build.0 = OGL Release|Win32
		{AC490B7A-804A-43E5-BD36-1A36E5F99535}.Tools Debug|x64.ActiveCfg = Tools Debug|x64
		{AC490B7A-804A-43E5-BD36-1A36E5F99535}.Tools Debug|x64.Build.0 = Tools Debug|x64
		{AC490B7A-804A-43E5-BD36-1A36E5F99535}.Tools Debug|x86.ActiveCfg = Tools Debug|Win32
		{AC490B7A-804A-43E5-BD36-1A36E5F99535}.Tools Debug|x86.Build.0 = Tools Debug|Win32
		{AC490B7A-804A-43E5-BD36-1A36E5F99535}.Tools Release|x64.ActiveCfg = Tools Release|x64
		{AC490B7A-804A-43E5-BD36-1A36E5F99535}.Tools Release|x64.Build.0 = Tools Release|x64
		{AC490B7A-804A-43E5-BD36-1A36E5F99535}.Tools Release|x86.ActiveCfg = Tools Release|Win32
		{AC490B7A-804A-43E5-BD36-1A36E5F99535}.Tools Release|x86.Build.0 = Tools Release|Win32
		{AC490B7A-804A-43E5-BD36-1A36E5F99535}.Vulkan Debug|x64.ActiveCfg = Vulkan Debug|x64
		{AC490B7A-804A-43E5-BD36-1A36E5F99535}.Vulkan Debug|x64.Build.0 = Vulkan Debug|x64
		{AC490B7A-804A-43E5-BD36-1A36E5F99535}.Vulkan Debug|x86.ActiveCfg = Vulkan Debug|Win32
		{AC490B7A-804A-43E5-BD36-1A36E5F99535}.Vulkan Debug|x86.Build.0 = Vulkan Debug|Win32
		{AC490B7A-804A-43E5-BD36-1A36E5F99535}.Vulkan Release|x64.ActiveCfg = Vulkan Release|x64
		{AC490B7A-804A-43E5-BD36-1A36E5F99535}.Vulkan Release|x64.Build.0 = Vulkan Release|x64
		{AC490B7A-804A-43E5-BD36-1A36E5F99535}.Vulkan Release|x86.ActiveCfg = Vulkan Release|Win32
		{AC490B7A-804A-43E5-BD36-1A36E5F99535}.Vulkan Release|x86.Build.0 = Vulkan Release|Win32
		{B9558FBD-F6DD-49D7-8E3B-5E32A1F6B62F}.DX11 Debug|x64.ActiveCfg = DX11 Debug|x64
		{B9558FBD-F6DD-49D7-8E3B-5E32A1F6B62F}.DX11 Debug|x64.Build.0 = DX11 Debug|x64
		{B9558FBD-F6DD-49D7-8E3B-5E32A1F6B62F}.DX11 Debug|x86.ActiveCfg = DX11 Debug|Win32
		{B9558FBD-F6DD-49D7-8E3B-5E32A1F6B62F}.DX11 Debug|x86.Build.0 = DX11 Debug|Win32
		{B9558FBD-F6DD-49D7-8E3B-5E32A1F6B62F}.DX11 Release|x64.ActiveCfg = DX11 Release|x64
		{B9558FBD-F6DD-49D7-8E3B-5E32A1F6B62F}.DX11 Release|x64.Build.0 = DX11 Release|x64
		{B9558FBD-F6DD-49D7-8E3B-5E32A1F6B62F}.DX11 Release|x86.ActiveCfg = DX11 Release|Win32
		{B9558FBD-F6DD-49D7-8E3B-5E32A1F6B62F}.DX11 Release|x86.Build.0 = DX11 Release|Win32
		{B9558FBD-F6DD-49D7-8E3B-5E32A1F6B62F}.DX9 Debug|x64.ActiveCfg = DX9 Debug|x64
		{B9558FBD-F6DD-49D7-8E3B-5E32A1F6B62F}.DX9 Debug|x64.Build.0 = DX9 Debug|x64
		{B9558FBD-F6DD-49D7-8E3B-5E32A1F6B62F}.DX9 Debug|x86.ActiveCfg = DX9 Debug|Win32
		{B9558FBD-F6DD-49D7-8E3B-5E32A1F6B62F}.DX9 Debug|x86.Build.0 = DX9 Debug|Win32
		{B9558FBD-F6DD-49D7-8E3B-5E32A1F6B62F}.DX9 Release|x64.ActiveCfg = DX9 Release|x64
		{B9558FBD-F6DD-49D7-8E3B-5E32A1F6B62F}.DX9 Release|x64.Build.0 = DX9 Release|x64
		{B9558FBD-F6DD-49D7-8E3B-5E32A1F6B62F}.DX9 Release|x86.ActiveCfg = DX9 Release|Win32
		{B9558FBD-F6DD-49D7-8E3B-5E32A1F6B62F}.DX9 Release|x86.Build.0 = DX9 Release|Win32
		{B9558FBD-F6DD-49D7-8E3B-5E32A1F6B62F}.OGL Debug|x64.ActiveCfg = OGL Debug|x64
		{B9558FBD-F6DD-49D7-8E3B-5E32A1F6B62F}.OGL Debug|x64.Build.0 = OGL Debug|x64
		{B9558FBD-F6DD-49D7-8E3B-5E32A1F6B62F}.OGL Debug|x86.ActiveCfg = OGL Debug|Win32
		{B9558FBD-F6DD-49D7-8E3B-5E32A1F6B62F}.OGL Debug|x86.Build.0 = OGL Debug|Win32
		{B9558FBD-F6DD-49D7-8E3B-5E32A1F6B62F}.OGL Release|x64.ActiveCfg = OGL Release|x64
		{B9558FBD-F6DD-49D7-8E3B-5E32A1F6B62F}.OGL Release|x64.Build.0 = OGL Release|x64
		{B9558FBD-F6DD-49D7-8E3B-5E32A1F6B62F}.OGL Release|x86.ActiveCfg = OGL Release|Win32
		{B9558FBD-F6DD-49D7-8E3B-5E32A1F6B62F}.OGL Release|x86.Build.0 = OGL Release|Win32
		{B9558FBD-F6DD-49D7-8E3B-5E32A1F6B62F}.Tools Debug|x64.ActiveCfg = Tools Debug|x64
		{B9558FBD-F6DD-49D7-8E3B-5E32A1F6B62F}.Tools Debug|x64.Build.0 = Tools Debug|x64
		{B9558FBD-F6DD-49D7-8E3B-5E32A1F6B62F}.Tools Debug|x86.ActiveCfg = Tools Debug|Win32
		{B9558FBD-F6DD-49D7-8E3B-5E32A1F6B62F}.Tools Debug|x86.Build.0 = Tools Debug|Win32
		{B9558FBD-F6DD-49D7-8E3B-5E32A1F6B62F}.Tools Release|x64.ActiveCfg = Tools Release|x64
		{B9558FBD-F6DD-49D7-8E3B-5E32A1F6B62F}.Tools Release|x64.Build.0 = Tools Release|x64
		{B9558FBD-F6DD-49D7-8E3B-5E32A1F6B62F}.Tools Release|x86.ActiveCfg = Tools Release|Win32
		{B9558FBD-F6DD-49D7-8E3B-5E32A1F6B62F}.Tools Release|x86.Build.0 = Tools Release|Win32
		{B9558FBD-F6DD-49D7-8E3B-5E32A1F6B62F}.Vulkan Debug|x64.ActiveCfg = Vulkan Debug|x64
		{B9558FBD-F6DD-49D7-8E3B-5E32A1F6B62F}.Vulkan Debug|x64.Build.0 = Vulkan Debug|x64
		{B9558FBD-F6DD-49D7-8E3B-5E32A1F6B62F}.Vulkan Debug|x86.ActiveCfg = Vulkan Debug|Win32
		{B9558FBD-F6DD-49D7-8E3B-5E32A1F6B62F}.Vulkan Debug|x86.Build.0 = Vulkan Debug|Win32
		{B9558FBD-F6DD-49D7-8E3B-5E32A1F6B62F}.Vulkan Release|x64.ActiveCfg = Vulkan Release|x64
		{B9558FBD-F6DD-49D7-8E3B-5E32A1F6B62F}.Vulkan Release|x64.Build.0 = Vulkan Release|x64
		{B9558FBD-F6DD-49D7-8E3B-5E32A1F6B62F}.Vulkan Release|x86.ActiveCfg = Vulkan Release|Win32
		{B9558FBD-F6DD-49D7-8E3B-5E32A1F6B62F}.Vulkan Release|x86.Build.0 = Vulkan Release|Win32
		{644B6920-3C18-41EF-AD73-7FC42FAE4147}.DX11 Debug|x64.ActiveCfg = DX11 Debug|x64
		{644B6920-3C18-41EF-AD73-7FC42FAE4147}.DX11 Debug|x64.Build.0 = DX11 Debug|x64
		{644B6920-3C18-41EF-AD73-7FC42FAE4147}.DX11 Debug|x86.ActiveCfg = DX11 Debug|Win32
		{644B6920-3C18-41EF-AD73-7FC42FAE4147}.DX11 Debug|x86.Build.0 = DX11 Debug|Win32
		{644B6920-3C18-41EF-AD73-7FC42FAE4147}.DX11 Release|x64.ActiveCfg = DX11 Release|x64
		{644B6920-3C18-41EF-AD73-7FC42FAE4147}.DX11 Release|x64.Build.0 = DX11 Release|x64
		{644B6920-3C18-41EF-AD73-7FC42FAE4147}.DX11 Release|x86.ActiveCfg = DX11 Release|Win32
		{644B6920-3C18-41EF-AD73-7FC42FAE4147}.DX11 Release|x86.Build.0 = DX11 Release|Win32
		{644B6920-3C18-41EF-AD73-7FC42FAE4147}.DX9 Debug|x64.ActiveCfg = DX9 Debug|x64
		{644B6920-3C18-41EF-AD73-7FC42FAE4147}.DX9 Debug|x64.Build.0 = DX9 Debug|x64
		{644B6920-3C18-41EF-AD73-7FC42FAE4147}.DX9 Debug|x86.ActiveCfg = DX9 Debug|Win32
		{644B6920-3C18-41EF-AD73-7FC42FAE4147}.DX9 Debug|x86.Build.0 = DX9 Debug|Win32
		{644B6920-3C18-41EF-AD73-7FC42FAE4147}.DX9 Release|x64.ActiveCfg = DX9 Release|x64
		{644B6920-3C18-41EF-AD73-7FC42FAE4147}.DX9 Release|x64.Build.0 = DX9 Release|x64
		{644B6920-3C18-41EF-AD73-7FC42FAE4147}.DX9 Release|x86.ActiveCfg = DX9 Release|Win32
		{644B6920-3C18-41EF-AD73-7FC42FAE4147}.DX9 Release|x86.Build.0 = DX9 Release|Win32
		{644B6920-3C18-41EF-AD73-7FC42FAE4147}.OGL Debug|x64.ActiveCfg = OGL Debug|x64
		{644B6920-3C18-41EF-AD73-7FC42FAE4147}.OGL Debug|x64.Build.0 = OGL Debug|x64
		{644B6920-3C18-41EF-AD73-7FC42FAE4147}.OGL Debug|x86.ActiveCfg = OGL Debug|Win32
		{644B6920-3C18-41EF-AD73-7FC42FAE4147}.OGL Debug|x86.Build.0 = OGL Debug|Win32
		{644B6920-3C18-41EF-AD73-7FC42FAE4147}.OGL Release|x64.ActiveCfg = OGL Release|x64
		{644B6920-3C18-41EF-AD73-7FC42FAE4147}.OGL Release|x64.Build.0 = OGL Release|x64
		{644B6920-3C18-41EF-AD73-7FC42FAE4147}.OGL Release|x86.ActiveCfg = OGL Release|Win32
		{644B6920-3C18-41EF-AD73-7FC42FAE4147}.OGL Release|x86.Build.0 = OGL Release|Win32
		{644B6920-3C18-41EF-AD73-7FC42FAE4147}.Tools Debug|x64.ActiveCfg = Tools Debug|x64
		{644B6920-3C18-41EF-AD73-7FC42FAE4147}.Tools Debug|x64.Build.0 = Tools Debug|x64
		{644B6920-3C18-41EF-AD73-7FC42FAE4147}.Tools Debug|x86.ActiveCfg = Tools Debug|Win32
		{644B6920-3C18-41EF-AD73-7FC42FAE4147}.Tools Debug|x86.Build.0 = Tools Debug|Win32
		{644B6920-3C18-41EF-AD73-7FC42FAE4147}.Tools Release|x64.ActiveCfg = Tools Release|x64
		{644B6920-3C18-41EF-AD73-7FC42FAE4147}.Tools Release|x64.Build.0 = Tools Release|x64
		{644B6920-3C18-41EF-AD73-7FC42FAE4147}.Tools Release|x86.ActiveCfg = Tools Release|Win32
		{644B6920-3C18-41EF-AD73-7FC42FAE4147}.Tools Release|x86.Build.0 = Tools Release|Win32
		{644B6920-3C18-41EF-AD73-7FC42FAE4147}.Vulkan Debug|x64.ActiveCfg = Vulkan Debug|x64
		{644B6920-3C18-41EF-AD73-7FC42FAE4147}.Vulkan Debug|x64.Build.0 = Vulkan Debug|x64
		{644B6920-3C18-41EF-AD73-7FC42FAE4147}.Vulkan Debug|x86.ActiveCfg = Vulkan Debug|Win32
		{644B6920-3C18-41EF-AD73-7FC42FAE4147}.Vulkan Debug|x86.Build.0 = Vulkan Debug|Win32
		{644B6920-3C18-41EF-AD73-7FC42FAE4147}.Vulkan Release|x64.ActiveCfg = Vulkan Release|x64
		{644B6920-3C18-41EF-AD73-7FC42FAE4147}.Vulkan Release|x64.Build.0 = Vulkan Release|x64
		{644B6920-3C18-41EF-AD73-7FC42FAE4147}.Vulkan Release|x86.ActiveCfg = Vulkan Release|Win32
		{644B6920-3C18-41EF-AD73-7FC42FAE4147}.Vulkan Release|x86.Build.0 = Vulkan Release|Win32
		{6347EBBE-CA87-4B39-ACC6-63DA3D882597}.DX11 Debug|x64.ActiveCfg = DX11 Debug|x64
		{6347EBBE-CA87-4B39-ACC6-63DA3D882597}.DX11 Debug|x64.Build.0 = DX11 Debug|x64
		{6347EBBE-CA87-4B39-ACC6-63DA3D882597}.DX11 Debug|x86.ActiveCfg = DX11 Debug|Win32
		{6347EBBE-CA87-4B39-ACC6-63DA3D882597}.DX11 Debug|x86.Build.0 = DX11 Debug|Win32
		{6347EBBE-CA87-4B39-ACC6-63DA3D882597}.DX11 Release|x64.ActiveCfg = DX11 Release|x64
		{6347EBBE-CA87-4B39-ACC6-63DA3D882597}.DX11 Release|x64.Build.0 = DX11 Release|x64
		{6347EBBE-CA87-4B39-ACC6-63DA3D882597}.DX11 Release|x86.ActiveCfg = DX11 Release|Win32
		{6347EBBE-CA87-4B39-ACC6-63DA3D882597}.DX11 Release|x86.Build.0 = DX11 Release|Win32
		{6347EBBE-CA87-4B39-ACC6-63DA3D882597}.DX9 Debug|x64.ActiveCfg = DX9 Debug|x64
		{6347EBBE-CA87-4B39-ACC6-63DA3D882597}.DX9 Debug|x64.Build.0 = DX9 Debug|x64
		{6347EBBE-CA87-4B39-ACC6-63DA3D882597}.DX9 Debug|x86.ActiveCfg = DX9 Debug|Win32
		{6347EBBE-CA87-4B39-ACC6-63DA3D882597}.DX9 Debug|x86.Build.0 = DX9 Debug|Win32
		{6347EBBE-CA87-4B39-ACC6-63DA3D882597}.DX9 Release|x64.ActiveCfg = DX9 Release|x64
		{6347EBBE-CA87-4B39-ACC6-63DA3D882597}.DX9 Release|x64.Build.0 = DX9 Release|x64
		{6347EBBE-CA87-4B39-ACC6-63DA3D882597}.DX9 Release|x86.ActiveCfg = DX9 Release|Win32
		{6347EBBE-CA87-4B39-ACC6-63DA3D882597}.DX9 Release|x86.Build.0 = DX9 Release|Win32
		{6347EBBE-CA87-4B39-ACC6-63DA3D882597}.OGL Debug|x64.ActiveCfg = OGL Debug|x64
		{6347EBBE-CA87-4B39-ACC6-63DA3D882597}.OGL Debug|x64.Build.0 = OGL Debug|x64
		{6347EBBE-CA87-4B39-ACC6-63DA3D882597}.OGL Debug|x86.ActiveCfg = OGL Debug|Win32
		{6347EBBE-CA87-4B39-ACC6-63DA3D882597}.OGL Debug|x86.Build.0 = OGL Debug|Win32
		{6347EBBE-CA87-4B39-ACC6-63DA3D882597}.OGL Release|x64.ActiveCfg = OGL Release|x64
		{6347EBBE-CA87-4B39-ACC6-63DA3D882597}.OGL Release|x64.Build.0 = OGL Release|x64
		{6347EBBE-CA87-4B39-ACC6-63DA3D882597}.OGL Release|x86.ActiveCfg = OGL Release|Win32
		{6347EBBE-CA87-4B39-ACC6-63DA3D882597}.OGL Release|x86.Build.0 = OGL Release|Win32
		{6347EBBE-CA87-4B39-ACC6-63DA3D882597}.Tools Debug|x64.ActiveCfg = Tools Debug|x64
		{6347EBBE-CA87-4B39-ACC6-63DA3D882597}.Tools Debug|x64.Build.0 = Tools Debug|x64
		{6347EBBE-CA87-4B39-ACC6-63DA3D882597}.Tools Debug|x86.ActiveCfg = Tools Debug|Win32
		{6347EBBE-CA87-4B39-ACC6-63DA3D882597}.Tools Debug|x86.Build.0 = Tools Debug|Win32
		{6347EBBE-CA87-4B39-ACC6-63DA3D882597}.Tools Release|x64.ActiveCfg = Tools Release|x64
		{6347EBBE-CA87-4B39-ACC6-63DA3D882597}.Tools Release|x64.Build.0 = Tools Release|x64
		{6347EBBE-CA87-4B39-ACC6-63DA3D882597}.Tools Release|x86.ActiveCfg = Tools Release|Win32
		{6347EBBE-CA87-4B39-ACC6-63DA3D882597}.Tools Release|x86.Build.0 = Tools Release|Win32
		{6347EBBE-CA87-4B39-ACC6-63DA3D882597}.Vulkan Debug|x64.ActiveCfg = Vulkan Debug|x64
		{6347EBBE-CA87-4B39-ACC6-63DA3D882597}.Vulkan Debug|x64.Build.0 = Vulkan Debug|x64
		{6347EBBE-CA87-4B39-ACC6-63DA3D882597}.Vulkan Debug|x86.ActiveCfg = Vulkan Debug|Win32
		{6347EBBE-CA87-4B39-ACC6-63DA3D882597}.Vulkan Debug|x86.Build.0 = Vulkan Debug|Win32
		{6347EBBE-CA87-4B39-ACC6-63DA3D882597}.Vulkan Release|x64.ActiveCfg = Vulkan Release|x64
		{6347EBBE-CA87-4B39-ACC6-63DA3D882597}.Vulkan Release|x64.Build.0 = Vulkan Release|x64
		{6347EBBE-CA87-4B39-ACC6-63DA3D882597}.Vulkan Release|x86.ActiveCfg = Vulkan Release|Win32
		{6347EBBE-CA87-4B39-ACC6-63DA3D882597}.Vulkan Release|x86.Build.0 = Vulkan Release|Win32
		{2B9FCF88-EFDF-4F8A-BB80-C20C674FBABC}.DX11 Debug|x64.ActiveCfg = DX11 Debug|x64
		{2B9FCF88-EFDF-4F8A-BB80-C20C674FBABC}.DX11 Debug|x64.Build.0 = DX11 Debug|x64
		{2B9FCF88-EFDF-4F8A-BB80-C20C674FBABC}.DX11 Debug|x86.ActiveCfg = DX11 Debug|Win32
		{2B9FCF88-EFDF-4F8A-BB80-C20C674FBABC}.DX11 Debug|x86.Build.0 = DX11 Debug|Win32
		{2B9FCF88-EFDF-4F8A-BB80-C20C674FBABC}.DX11 Release|x64.ActiveCfg = DX11 Release|x64
		{2B9FCF88-EFDF-4F8A-BB80-C20C674FBABC}.DX11 Release|x64.Build.0 = DX11 Release|x64
		{2B9FCF88-EFDF-4F8A-BB80-C20C674FBABC}.DX11 Release|x86.ActiveCfg = DX11 Release|Win32
		{2B9FCF88-EFDF-4F8A-BB80-C20C674FBABC}.DX11 Release|x86.Build.0 = DX11 Release|Win32
		{2B9FCF88-EFDF-4F8A-BB80-C20C674FBABC}.DX9 Debug|x64.ActiveCfg = DX9 Debug|x64
		{2B9FCF88-EFDF-4F8A-BB80-C20C674FBABC}.DX9 Debug|x64.Build.0 = DX9 Debug|x64
		{2B9FCF88-EFDF-4F8A-BB80-C20C674FBABC}.DX9 Debug|x86.ActiveCfg = DX9 Debug|Win32
		{2B9FCF88-EFDF-4F8A-BB80-C20C674FBABC}.DX9 Debug|x86.Build.0 = DX9 Debug|Win32
		{2B9FCF88-EFDF-4F8A-BB80-C20C674FBABC}.DX9 Release|x64.ActiveCfg = DX9 Release|x64
		{2B9FCF88-EFDF-4F8A-BB80-C20C674FBABC}.DX9 Release|x64.Build.0 = DX9 Release|x64
		{2B9FCF88-EFDF-4F8A-BB80-C20C674FBABC}.DX9 Release|x86.ActiveCfg = DX9 Release|Win32
		{2B9FCF88-EFDF-4F8A-BB80-C20C674FBABC}.DX9 Release|x86.Build.0 = DX9 Release|Win32
		{2B9FCF88-EFDF-4F8A-BB80-C20C674FBABC}.OGL Debug|x64.ActiveCfg = OGL Debug|x64
		{2B9FCF88-EFDF-4F8A-BB80-C20C674FBABC}.OGL Debug|x64.Build.0 = OGL Debug|x64
		{2B9FCF88-EFDF-4F8A-BB80-C20C674FBABC}.OGL Debug|x86.ActiveCfg = OGL Debug|Win32
		{2B9FCF88-EFDF-4F8A-BB80-C20C674FBABC}.OGL Debug|x86.Build.0 = OGL Debug|Win32
		{2B9FCF88-EFDF-4F8A-BB80-C20C674FBABC}.OGL Release|x64.ActiveCfg = OGL Release|x64
		{2B9FCF88-EFDF-4F8A-BB80-C20C674FBABC}.OGL Release|x64.Build.0 = OGL Release|x64
		{2B9FCF88-EFDF-4F8A-BB80-C20C674FBABC}.OGL Release|x86.ActiveCfg = OGL Release|Win32
		{2B9FCF88-EFDF-4F8A-BB80-C20C674FBABC}.OGL Release|x86.Build.0 = OGL Release|Win32
		{2B9FCF88-EFDF-4F8A-BB80-C20C674FBABC}.Tools Debug|x64.ActiveCfg = Tools Debug|x64
		{2B9FCF88-EFDF-4F8A-BB80-C20C674FBABC}.Tools Debug|x64.Build.0 = Tools Debug|x64
		{2B9FCF88-EFDF-4F8A-BB80-C20C674FBABC}.Tools Debug|x86.ActiveCfg = Tools Debug|Win32
		{2B9FCF88-EFDF-4F8A-BB80-C20C674FBABC}.Tools Debug|x86.Build.0 = Tools Debug|Win32
		{2B9FCF88-EFDF-4F8A-BB80-C20C674FBABC}.Tools Release|x64.ActiveCfg = Tools Release|x64
		{2B9FCF88-EFDF-4F8A-BB80-C20C674FBABC}.Tools Release|x64.Build.0 = Tools Release|x64
		{2B9FCF88-EFDF-4F8A-BB80-C20C674FBABC}.Tools Release|x86.ActiveCfg = Tools Release|Win32
		{2B9FCF88-EFDF-4F8A-BB80-C20C674FBABC}.Tools Release|x86.Build.0 = Tools Release|Win32
		{2B9FCF88-EFDF-4F8A-BB80-C20C674FBABC}.Vulkan Debug|x64.ActiveCfg = Vulkan Debug|x64
		{2B9FCF88-EFDF-4F8A-BB80-C20C674FBABC}.Vulkan Debug|x64.Build.0 = Vulkan Debug|x64
		{2B9FCF88-EFDF-4F8A-BB80-C20C674FBABC}.Vulkan Debug|x86.ActiveCfg = Vulkan Debug|Win32
		{2B9FCF88-EFDF-4F8A-BB80-C20C674FBABC}.Vulkan Debug|x86.Build.0 = Vulkan Debug|Win32
		{2B9FCF88-EFDF-4F8A-BB80-C20C674FBABC}.Vulkan Release|x64.ActiveCfg = Vulkan Release|x64
		{2B9FCF88-EFDF-4F8A-BB80-C20C674FBABC}.Vulkan Release|x64.Build.0 = Vulkan Release|x64
		{2B9FCF88-EFDF-4F8A-BB80-C20C674FBABC}.Vulkan Release|x86.ActiveCfg = Vulkan Release|Win32
		{2B9FCF88-EFDF-4F8A-BB80-C20C674FBABC}.Vulkan Release|x86.Build.0 = Vulkan Release|Win32
		{362A21D9-58DD-405E-A50D-A4C92076D899}.DX11 Debug|x64.ActiveCfg = DX11 Debug|x64
		{362A21D9-58DD-405E-A50D-A4C92076D899}.DX11 Debug|x64.Build.0 = DX11 Debug|x64
		{362A21D9-58DD-405E-A50D-A4C92076D899}.DX11 Debug|x86.ActiveCfg = DX11 Debug|Win32
		{362A21D9-58DD-405E-A50D-A4C92076D899}.DX11 Debug|x86.Build.0 = DX11 Debug|Win32
		{362A21D9-58DD-405E-A50D-A4C92076D899}.DX11 Release|x64.ActiveCfg = DX11 Release|x64
		{362A21D9-58DD-405E-A50D-A4C92076D899}.DX11 Release|x64.Build.0 = DX11 Release|x64
		{362A21D9-58DD-405E-A50D-A4C92076D899}.DX11 Release|x86.ActiveCfg = DX11 Release|Win32
		{362A21D9-58DD-405E-A50D-A4C92076D899}.DX11 Release|x86.Build.0 = DX11 Release|Win32
		{362A21D9-58DD-405E-A50D-A4C92076D899}.DX9 Debug|x64.ActiveCfg = DX9 Debug|x64
		{362A21D9-58DD-405E-A50D-A4C92076D899}.DX9 Debug|x64.Build.0 = DX9 Debug|x64
		{362A21D9-58DD-405E-A50D-A4C92076D899}.DX9 Debug|x86.ActiveCfg = DX9 Debug|Win32
		{362A21D9-58DD-405E-A50D-A4C92076D899}.DX9 Debug|x86.Build.0 = DX9 Debug|Win32
		{362A21D9-58DD-405E-A50D-A4C92076D899}.DX9 Release|x64.ActiveCfg = DX9 Release|x64
		{362A21D9-58DD-405E-A50D-A4C92076D899}.DX9 Release|x64.Build.0 = DX9 Release|x64
		{362A21D9-58DD-405E-A50D-A4C92076D899}.DX9 Release|x86.ActiveCfg = DX9 Release|Win32
		{362A21D9-58DD-405E-A50D-A4C92076D899}.DX9 Release|x86.Build.0 = DX9 Release|Win32
		{362A21D9-58DD-405E-A50D-A4C92076D899}.OGL Debug|x64.ActiveCfg = OGL Debug|x64
		{362A21D9-58DD-405E-A50D-A4C92076D899}.OGL Debug|x64.Build.0 = OGL Debug|x64
		{362A21D9-58DD-405E-A50D-A4C92076D899}.OGL Debug|x86.ActiveCfg = OGL Debug|Win32
		{362A21D9-58DD-405E-A50D-A4C92076D899}.OGL Debug|x86.Build.0 = OGL Debug|Win32
		{362A21D9-58DD-405E-A50D-A4C92076D899}.OGL Release|x64.ActiveCfg = OGL Release|x64
		{362A21D9-58DD-405E-A50D-A4C92076D899}.OGL Release|x64.Build.0 = OGL Release|x64
		{362A21D9-58DD-405E-A50D-A4C92076D899}.OGL Release|x86.ActiveCfg = OGL Release|Win32
		{362A21D9-58DD-405E-A50D-A4C92076D899}.OGL Release|x86.Build.0 = OGL Release|Win32
		{362A21D9-58DD-405E-A50D-A4C92076D899}.Tools Debug|x64.ActiveCfg = Tools Debug|x64
		{362A21D9-58DD-405E-A50D-A4C92076D899}.Tools Debug|x64.Build.0 = Tools Debug|x64
		{362A21D9-58DD-405E-A50D-A4C92076D899}.Tools Debug|x86.ActiveCfg = Tools Debug|Win32
		{362A21D9-58DD-405E-A50D-A4C92076D899}.Tools Debug|x86.Build.0 = Tools Debug|Win32
		{362A21D9-58DD-405E-A50D-A4C92076D899}.Tools Release|x64.ActiveCfg = Tools Release|x64
		{362A21D9-58DD-405E-A50D-A4C92076D899}.Tools Release|x64.Build.0 = Tools Release|x64
		{362A21D9-58DD-405E-A50D-A4C92076D899}.Tools Release|x86.ActiveCfg = Tools Release|Win32
		{362A21D9-58DD-405E-A50D-A4C92076D899}.Tools Release|x86.Build.0 = Tools Release|Win32
		{362A21D9-58DD-405E-A50D-A4C92076D899}.Vulkan Debug|x64.ActiveCfg = Vulkan Debug|x64
		{362A21D9-58DD-405E-A50D-A4C92076D899}.Vulkan Debug|x64.Build.0 = Vulkan Debug|x64
		{362A21D9-58DD-405E-A50D-A4C92076D899}.Vulkan Debug|x86.ActiveCfg = Vulkan Debug|Win32
		{362A21D9-58DD-405E-A50D-A4C92076D899}.Vulkan Debug|x86.Build.0 = Vulkan Debug|Win32
		{362A21D9-58DD-405E-A50D-A4C92076D899}.Vulkan Release|x64.ActiveCfg = Vulkan Release|x64
		{362A21D9-58DD-405E-A50D-A4C92076D899}.Vulkan Release|x64.Build.0 = Vulkan Release|x64
		{362A21D9-58DD-405E-A50D-A4C92076D899}.Vulkan Release|x86.ActiveCfg = Vulkan Release|Win32
		{362A21D9-58DD-405E-A50D-A4C92076D899}.Vulkan Release|x86.Build.0 = Vulkan Release|Win32
		{A8427B7A-989F-407E-BA37-EF709DB6327C}.DX11 Debug|x64.ActiveCfg = DX11 Debug|x64
		{A8427B7A-989F-407E-BA37-EF709DB6327C}.DX11 Debug|x64.Build.0 = DX11 Debug|x64
		{A8427B7A-989F-407E-BA37-EF709DB6327C}.DX11 Debug|x86.ActiveCfg = DX11 Debug|Win32
		{A8427B7A-989F-407E-BA37-EF709DB6327C}.DX11 Debug|x86.Build.0 = DX11 Debug|Win32
		{A8427B7A-989F-407E-BA37-EF709DB6327C}.DX11 Release|x64.ActiveCfg = DX11 Release|x64
		{A8427B7A-989F-407E-BA37-EF709DB6327C}.DX11 Release|x64.Build.0 = DX11 Release|x64
		{A8427B7A-989F-407E-BA37-EF709DB6327C}.DX11 Release|x86.ActiveCfg = DX11 Release|Win32
		{A8427B7A-989F-407E-BA37-EF709DB6327C}.DX11 Release|x86.Build.0 = DX11 Release|Win32
		{A8427B7A-989F-407E-BA37-EF709DB6327C}.DX9 Debug|x64.ActiveCfg = DX9 Debug|x64
		{A8427B7A-989F-407E-BA37-EF709DB6327C}.DX9 Debug|x64.Build.0 = DX9 Debug|x64
		{A8427B7A-989F-407E-BA37-EF709DB6327C}.DX9 Debug|x86.ActiveCfg = DX9 Debug|Win32
		{A8427B7A-989F-407E-BA37-EF709DB6327C}.DX9 Debug|x86.Build.0 = DX9 Debug|Win32
		{A8427B7A-989F-407E-BA37-EF709DB6327C}.DX9 Release|x64.ActiveCfg = DX9 Release|x64
		{A8427B7A-989F-407E-BA37-EF709DB6327C}.DX9 Release|x64.Build.0 = DX9 Release|x64
		{A8427B7A-989F-407E-BA37-EF709DB6327C}.DX9 Release|x86.ActiveCfg = DX9 Release|Win32
		{A8427B7A-989F-407E-BA37-EF709DB6327C}.DX9 Release|x86.Build.0 = DX9 Release|Win32
		{A8427B7A-989F-407E-BA37-EF709DB6327C}.OGL Debug|x64.ActiveCfg = OGL Debug|x64
		{A8427B7A-989F-407E-BA37-EF709DB6327C}.OGL Debug|x64.Build.0 = OGL Debug|x64
		{A8427B7A-989F-407E-BA37-EF709DB6327C}.OGL Debug|x86.ActiveCfg = OGL Debug|Win32
		{A8427B7A-989F-407E-BA37-EF709DB6327C}.OGL Debug|x86.Build.0 = OGL Debug|Win32
		{A8427B7A-989F-407E-BA37-EF709DB6327C}.OGL Release|x64.ActiveCfg = OGL Release|x64
		{A8427B7A-989F-407E-BA37-EF709DB6327C}.OGL Release|x64.Build.0 = OGL Release|x64
		{A8427B7A-989F-407E-BA37-EF709DB6327C}.OGL Release|x86.ActiveCfg = OGL Release|Win32
		{A8427B7A-989F-407E-BA37-EF709DB6327C}.OGL Release|x86.Build.0 = OGL Release|Win32
		{A8427B7A-989F-407E-BA37-EF709DB6327C}.Tools Debug|x64.ActiveCfg = Tools Debug|x64
		{A8427B7A-989F-407E-BA37-EF709DB6327C}.Tools Debug|x64.Build.0 = Tools Debug|x64
		{A8427B7A-989F-407E-BA37-EF709DB6327C}.Tools Debug|x86.ActiveCfg = Tools Debug|Win32
		{A8427B7A-989F-407E-BA37-EF709DB6327C}.Tools Debug|x86.Build.0 = Tools Debug|Win32
		{A8427B7A-989F-407E-BA37-EF709DB6327C}.Tools Release|x64.ActiveCfg = Tools Release|x64
		{A8427B7A-989F-407E-BA37-EF709DB6327C}.Tools Release|x64.Build.0 = Tools Release|x64
		{A8427B7A-989F-407E-BA37-EF709DB6327C}.Tools Release|x86.ActiveCfg = Tools Release|Win32
		{A8427B7A-989F-407E-BA37-EF709DB6327C}.Tools Release|x86.Build.0 = Tools Release|Win32
		{A8427B7A-989F-407E-BA37-EF709DB6327C}.Vulkan Debug|x64.ActiveCfg = Vulkan Debug|x64
		{A8427B7A-989F-407E-BA37-EF709DB6327C}.Vulkan Debug|x64.Build.0 = Vulkan Debug|x64
		{A8427B7A-989F-407E-BA37-EF709DB6327C}.Vulkan Debug|x86.ActiveCfg = Vulkan Debug|Win32
		{A8427B7A-989F-407E-BA37-EF709DB6327C}.Vulkan Debug|x86.Build.0 = Vulkan Debug|Win32
		{A8427B7A-989F-407E-BA37-EF709DB6327C}.Vulkan Release|x64.ActiveCfg = Vulkan Release|x64
		{A8427B7A-989F-407E-BA37-EF709DB6327C}.Vulkan Release|x64.Build.0 = Vulkan Release|x64
		{A8427B7A-989F-407E-BA37-EF709DB6327C}.Vulkan Release|x86.ActiveCfg = Vulkan Release|Win32
		{A8427B7A-989F-407E-BA37-EF709DB6327C}.Vulkan Release|x86.Build.0 = Vulkan Release|Win32
	EndGlobalSection
	GlobalSection(SolutionProperties) = preSolution
		HideSolutionNode = FALSE
	EndGlobalSection
	GlobalSection(NestedProjects) = preSolution
		{33134F61-C1AD-4B6F-9CEA-503A9F140C52} = {3A001728-0388-477D-B73C-CF943783ECD1}
		{17A4874B-0606-4687-90B6-F91F8CB3B8AF} = {3A001728-0388-477D-B73C-CF943783ECD1}
		{097D9F6C-FD0E-4CBC-9676-009012AAECA8} = {3A001728-0388-477D-B73C-CF943783ECD1}
		{EC085CBD-E9C3-477F-9A97-CB9D5DA30E27} = {3A001728-0388-477D-B73C-CF943783ECD1}
		{07F662C1-1323-42AB-B6AF-FBFD34A7437A} = {3A001728-0388-477D-B73C-CF943783ECD1}
		{7DB10B50-CE00-4D7A-B322-6824F05D2FCB} = {3A001728-0388-477D-B73C-CF943783ECD1}
		{E3536C28-A7F1-4B53-8E52-7D2232F9E098} = {3A001728-0388-477D-B73C-CF943783ECD1}
		{244455E0-5F25-4451-9540-F317883E52A8} = {3A001728-0388-477D-B73C-CF943783ECD1}
		{5E1D4E5F-E10C-4BA3-B663-F33014FD21D9} = {3A001728-0388-477D-B73C-CF943783ECD1}
		{9E219DF2-315D-478E-8A07-8960C377CE1E} = {3A001728-0388-477D-B73C-CF943783ECD1}
		{A4882463-794C-4E75-B57A-32CC28824B19} = {002FFA76-BCD4-4C71-87C4-C3C8BE605F72}
		{E98F2547-10C7-4952-AA71-F72A4369A7A5} = {002FFA76-BCD4-4C71-87C4-C3C8BE605F72}
		{6307F094-4285-4523-982A-2DF4A2A7B0AA} = {002FFA76-BCD4-4C71-87C4-C3C8BE605F72}
		{7A751BF4-D6CE-41D0-BD13-637F5020B1FA} = {002FFA76-BCD4-4C71-87C4-C3C8BE605F72}
		{794565D2-DE07-40C1-84A4-72B7E93B71E8} = {002FFA76-BCD4-4C71-87C4-C3C8BE605F72}
		{AAA6A29A-531B-4201-859C-486B081D6617} = {002FFA76-BCD4-4C71-87C4-C3C8BE605F72}
		{03AB108B-6F06-46D4-B8F8-D94A1AE13A07} = {002FFA76-BCD4-4C71-87C4-C3C8BE605F72}
		{18AB3002-5FB3-48A3-8EDE-7FE071B0AF0F} = {002FFA76-BCD4-4C71-87C4-C3C8BE605F72}
		{AC490B7A-804A-43E5-BD36-1A36E5F99535} = {002FFA76-BCD4-4C71-87C4-C3C8BE605F72}
		{B9558FBD-F6DD-49D7-8E3B-5E32A1F6B62F} = {002FFA76-BCD4-4C71-87C4-C3C8BE605F72}
		{644B6920-3C18-41EF-AD73-7FC42FAE4147} = {002FFA76-BCD4-4C71-87C4-C3C8BE605F72}
		{6347EBBE-CA87-4B39-ACC6-63DA3D882597} = {002FFA76-BCD4-4C71-87C4-C3C8BE605F72}
		{2B9FCF88-EFDF-4F8A-BB80-C20C674FBABC} = {002FFA76-BCD4-4C71-87C4-C3C8BE605F72}
		{362A21D9-58DD-405E-A50D-A4C92076D899} = {002FFA76-BCD4-4C71-87C4-C3C8BE605F72}
		{A8427B7A-989F-407E-BA37-EF709DB6327C} = {002FFA76-BCD4-4C71-87C4-C3C8BE605F72}
	EndGlobalSection
EndGlobal
